// !$*UTF8*$!
{
	archiveVersion = 1;
	classes = {
	};
	objectVersion = 46;
	objects = {

/* Begin PBXBuildFile section */
		110AC87D14FE1B6000F86262 /* AVFoundation.framework in Frameworks */ = {isa = PBXBuildFile; fileRef = 110AC87C14FE1B6000F86262 /* AVFoundation.framework */; };
		110F12FA14EDD52E00BE4481 /* UIKit.framework in Frameworks */ = {isa = PBXBuildFile; fileRef = 110F12F914EDD52E00BE4481 /* UIKit.framework */; };
		110F12FC14EDD52E00BE4481 /* Foundation.framework in Frameworks */ = {isa = PBXBuildFile; fileRef = 110F12FB14EDD52E00BE4481 /* Foundation.framework */; };
		110F12FE14EDD52E00BE4481 /* CoreGraphics.framework in Frameworks */ = {isa = PBXBuildFile; fileRef = 110F12FD14EDD52E00BE4481 /* CoreGraphics.framework */; };
		110F130014EDD52E00BE4481 /* CoreData.framework in Frameworks */ = {isa = PBXBuildFile; fileRef = 110F12FF14EDD52E00BE4481 /* CoreData.framework */; };
		110F130614EDD52E00BE4481 /* InfoPlist.strings in Resources */ = {isa = PBXBuildFile; fileRef = 110F130414EDD52E00BE4481 /* InfoPlist.strings */; };
		110F130814EDD52E00BE4481 /* main.m in Sources */ = {isa = PBXBuildFile; fileRef = 110F130714EDD52E00BE4481 /* main.m */; };
		110F130C14EDD52E00BE4481 /* AppDelegate.m in Sources */ = {isa = PBXBuildFile; fileRef = 110F130B14EDD52E00BE4481 /* AppDelegate.m */; };
		110F130F14EDD52E00BE4481 /* NoiseMeter.xcdatamodeld in Sources */ = {isa = PBXBuildFile; fileRef = 110F130D14EDD52E00BE4481 /* NoiseMeter.xcdatamodeld */; };
		111A18CE1505E38D005655F1 /* background_count.png in Resources */ = {isa = PBXBuildFile; fileRef = 111A18CC1505E38D005655F1 /* background_count.png */; };
		111A18CF1505E38D005655F1 /* background_count@2x.png in Resources */ = {isa = PBXBuildFile; fileRef = 111A18CD1505E38D005655F1 /* background_count@2x.png */; };
		111A18D21505E3A9005655F1 /* ScoreView.m in Sources */ = {isa = PBXBuildFile; fileRef = 111A18D11505E3A9005655F1 /* ScoreView.m */; };
		111A18D51505E3B8005655F1 /* AlertView.m in Sources */ = {isa = PBXBuildFile; fileRef = 111A18D41505E3B8005655F1 /* AlertView.m */; };
		1140FDCD1517FA3400DE0A64 /* MoreView.m in Sources */ = {isa = PBXBuildFile; fileRef = 1140FDCC1517FA3400DE0A64 /* MoreView.m */; };
		1140FDD11517FBE700DE0A64 /* icon_more.png in Resources */ = {isa = PBXBuildFile; fileRef = 1140FDCF1517FBE700DE0A64 /* icon_more.png */; };
		1140FDD21517FBE700DE0A64 /* icon_more@2x.png in Resources */ = {isa = PBXBuildFile; fileRef = 1140FDD01517FBE700DE0A64 /* icon_more@2x.png */; };
		1140FDD41517FC6400DE0A64 /* MessageUI.framework in Frameworks */ = {isa = PBXBuildFile; fileRef = 1140FDD31517FC6400DE0A64 /* MessageUI.framework */; };
		1140FDDA1517FE0F00DE0A64 /* CoreTelephony.framework in Frameworks */ = {isa = PBXBuildFile; fileRef = 1140FDD91517FE0F00DE0A64 /* CoreTelephony.framework */; };
		1140FDDD1517FE5100DE0A64 /* AboutView.m in Sources */ = {isa = PBXBuildFile; fileRef = 1140FDDC1517FE5100DE0A64 /* AboutView.m */; };
		1140FDE31518016400DE0A64 /* libz.dylib in Frameworks */ = {isa = PBXBuildFile; fileRef = 1140FDE21518016400DE0A64 /* libz.dylib */; };
		1168C317151966AC00897AA4 /* InstructionView.m in Sources */ = {isa = PBXBuildFile; fileRef = 1168C316151966AB00897AA4 /* InstructionView.m */; };
		117D94141516B5B1002C5479 /* top_logo_scores.png in Resources */ = {isa = PBXBuildFile; fileRef = 117D94131516B5B1002C5479 /* top_logo_scores.png */; };
		117D94161516B5F7002C5479 /* top_logo_scores@2x.png in Resources */ = {isa = PBXBuildFile; fileRef = 117D94151516B5F7002C5479 /* top_logo_scores@2x.png */; };
		117D94191516B66A002C5479 /* button_reset.png in Resources */ = {isa = PBXBuildFile; fileRef = 117D94171516B66A002C5479 /* button_reset.png */; };
		117D941A1516B66A002C5479 /* button_reset@2x.png in Resources */ = {isa = PBXBuildFile; fileRef = 117D94181516B66A002C5479 /* button_reset@2x.png */; };
		117D94211516B8A4002C5479 /* close_button.png in Resources */ = {isa = PBXBuildFile; fileRef = 117D941F1516B8A4002C5479 /* close_button.png */; };
		117D94221516B8A4002C5479 /* overlay02.png in Resources */ = {isa = PBXBuildFile; fileRef = 117D94201516B8A4002C5479 /* overlay02.png */; };
		117D94251516B8DE002C5479 /* button_info.png in Resources */ = {isa = PBXBuildFile; fileRef = 117D94231516B8DE002C5479 /* button_info.png */; };
		117D94261516B8DE002C5479 /* button_info@2x.png in Resources */ = {isa = PBXBuildFile; fileRef = 117D94241516B8DE002C5479 /* button_info@2x.png */; };
		11A3EE73150F3D2D00A6496B /* SoundLevelCapture.m in Sources */ = {isa = PBXBuildFile; fileRef = 11A3EE72150F3D2D00A6496B /* SoundLevelCapture.m */; };
		11A3EE7E150F441F00A6496B /* SoundLevelCaptureCell.m in Sources */ = {isa = PBXBuildFile; fileRef = 11A3EE7D150F441F00A6496B /* SoundLevelCaptureCell.m */; };
		11A3EE81150F456B00A6496B /* CaptureView.m in Sources */ = {isa = PBXBuildFile; fileRef = 11A3EE80150F456B00A6496B /* CaptureView.m */; };
		11AC52E51505CCFF0093C7AB /* NMDataManager.m in Sources */ = {isa = PBXBuildFile; fileRef = 11AC52E41505CCFF0093C7AB /* NMDataManager.m */; };
		11AC52EC1505CDA80093C7AB /* NMDecibelLogger.m in Sources */ = {isa = PBXBuildFile; fileRef = 11AC52EB1505CDA80093C7AB /* NMDecibelLogger.m */; };
		11AC52F01505D3010093C7AB /* RootView.m in Sources */ = {isa = PBXBuildFile; fileRef = 11AC52EF1505D3010093C7AB /* RootView.m */; };
		11AC52F51505D34C0093C7AB /* UIViewController+Styling.m in Sources */ = {isa = PBXBuildFile; fileRef = 11AC52F41505D34C0093C7AB /* UIViewController+Styling.m */; };
		11AC52F81505D3850093C7AB /* Default.png in Resources */ = {isa = PBXBuildFile; fileRef = 11AC52F71505D3850093C7AB /* Default.png */; };
		11AC52FA1505D3950093C7AB /* Default@2x.png in Resources */ = {isa = PBXBuildFile; fileRef = 11AC52F91505D3950093C7AB /* Default@2x.png */; };
		11AC53091505D3F20093C7AB /* icon_alert.png in Resources */ = {isa = PBXBuildFile; fileRef = 11AC53031505D3F20093C7AB /* icon_alert.png */; };
		11AC530A1505D3F20093C7AB /* icon_alert@2x.png in Resources */ = {isa = PBXBuildFile; fileRef = 11AC53041505D3F20093C7AB /* icon_alert@2x.png */; };
		11AC530B1505D3F20093C7AB /* icon_meter.png in Resources */ = {isa = PBXBuildFile; fileRef = 11AC53051505D3F20093C7AB /* icon_meter.png */; };
		11AC530C1505D3F20093C7AB /* icon_meter@2x.png in Resources */ = {isa = PBXBuildFile; fileRef = 11AC53061505D3F20093C7AB /* icon_meter@2x.png */; };
		11AC530D1505D3F20093C7AB /* icon_scores.png in Resources */ = {isa = PBXBuildFile; fileRef = 11AC53071505D3F20093C7AB /* icon_scores.png */; };
		11AC530E1505D3F20093C7AB /* icon_scores@2x.png in Resources */ = {isa = PBXBuildFile; fileRef = 11AC53081505D3F20093C7AB /* icon_scores@2x.png */; };
		11AC53111505D4140093C7AB /* button_capture.png in Resources */ = {isa = PBXBuildFile; fileRef = 11AC530F1505D4140093C7AB /* button_capture.png */; };
		11AC53121505D4140093C7AB /* button_capture@2x.png in Resources */ = {isa = PBXBuildFile; fileRef = 11AC53101505D4140093C7AB /* button_capture@2x.png */; };
		11AC53171505D4190093C7AB /* button_save.png in Resources */ = {isa = PBXBuildFile; fileRef = 11AC53131505D4190093C7AB /* button_save.png */; };
		11AC53181505D4190093C7AB /* button_save@2x.png in Resources */ = {isa = PBXBuildFile; fileRef = 11AC53141505D4190093C7AB /* button_save@2x.png */; };
		11AC53191505D4190093C7AB /* button_setalarm.png in Resources */ = {isa = PBXBuildFile; fileRef = 11AC53151505D4190093C7AB /* button_setalarm.png */; };
		11AC531A1505D4190093C7AB /* button_setalarm@2x.png in Resources */ = {isa = PBXBuildFile; fileRef = 11AC53161505D4190093C7AB /* button_setalarm@2x.png */; };
		11AC531D1505D4420093C7AB /* MeterView.m in Sources */ = {isa = PBXBuildFile; fileRef = 11AC531C1505D4420093C7AB /* MeterView.m */; };
		11F3E5CA15194CAE00549099 /* button_back.png in Resources */ = {isa = PBXBuildFile; fileRef = 11F3E5C615194CAE00549099 /* button_back.png */; };
		11F3E5CB15194CAE00549099 /* button_back@2x.png in Resources */ = {isa = PBXBuildFile; fileRef = 11F3E5C715194CAE00549099 /* button_back@2x.png */; };
		11F3E5CC15194CAE00549099 /* button_close.png in Resources */ = {isa = PBXBuildFile; fileRef = 11F3E5C815194CAE00549099 /* button_close.png */; };
		11F3E5CD15194CAE00549099 /* button_close@2x.png in Resources */ = {isa = PBXBuildFile; fileRef = 11F3E5C915194CAE00549099 /* button_close@2x.png */; };
		11F3E5D11519501800549099 /* SelectAlertView.m in Sources */ = {isa = PBXBuildFile; fileRef = 11F3E5D01519501800549099 /* SelectAlertView.m */; };
		11F3E5D41519561400549099 /* InternalWebView.m in Sources */ = {isa = PBXBuildFile; fileRef = 11F3E5D31519561400549099 /* InternalWebView.m */; };
		11FBD43F15117C6000FF47C2 /* AudioToolbox.framework in Frameworks */ = {isa = PBXBuildFile; fileRef = 11FBD43E15117C6000FF47C2 /* AudioToolbox.framework */; };
		8806B39B179658510085CBF0 /* remove_ad.png in Resources */ = {isa = PBXBuildFile; fileRef = 8806B39A179658510085CBF0 /* remove_ad.png */; };
		880A002818AC83D800FB84F5 /* recordButton.png in Resources */ = {isa = PBXBuildFile; fileRef = 880A002718AC83D800FB84F5 /* recordButton.png */; };
		880A002A18AC993B00FB84F5 /* createCustomAlarmButton.png in Resources */ = {isa = PBXBuildFile; fileRef = 880A002918AC993B00FB84F5 /* createCustomAlarmButton.png */; };
		880A003318AC9C5E00FB84F5 /* createCustomAlarmButton@2x.png in Resources */ = {isa = PBXBuildFile; fileRef = 880A003218AC9C5E00FB84F5 /* createCustomAlarmButton@2x.png */; };
		880A003518ACB91B00FB84F5 /* upgradeInstruction.html in Resources */ = {isa = PBXBuildFile; fileRef = 880A003418ACB91B00FB84F5 /* upgradeInstruction.html */; };
		880A003918ACD22C00FB84F5 /* upgrade.css in Resources */ = {isa = PBXBuildFile; fileRef = 880A003818ACD22C00FB84F5 /* upgrade.css */; };
		881032AE18A361FE000CA722 /* BaseViewController.m in Sources */ = {isa = PBXBuildFile; fileRef = 881032AD18A361FE000CA722 /* BaseViewController.m */; };
		88131CDA18AB224000D2541A /* overlay@2x.png in Resources */ = {isa = PBXBuildFile; fileRef = 88131CD818AB223F00D2541A /* overlay@2x.png */; };
		88131CDB18AB224000D2541A /* overlay568.png in Resources */ = {isa = PBXBuildFile; fileRef = 88131CD918AB223F00D2541A /* overlay568.png */; };
		883069B218B4CC460067750A /* home_alarm.caf in Resources */ = {isa = PBXBuildFile; fileRef = 883069AF18B4CC460067750A /* home_alarm.caf */; };
		883069B318B4CC460067750A /* scifialarm.caf in Resources */ = {isa = PBXBuildFile; fileRef = 883069B018B4CC460067750A /* scifialarm.caf */; };
		883069B418B4CC460067750A /* siren_wail.caf in Resources */ = {isa = PBXBuildFile; fileRef = 883069B118B4CC460067750A /* siren_wail.caf */; };
		8833910A1793CEA70051DE50 /* demo.mp3 in Resources */ = {isa = PBXBuildFile; fileRef = 883391091793CEA70051DE50 /* demo.mp3 */; };
		8833910C1793D0680051DE50 /* CoreMedia.framework in Frameworks */ = {isa = PBXBuildFile; fileRef = 8833910B1793D0680051DE50 /* CoreMedia.framework */; settings = {ATTRIBUTES = (Weak, ); }; };
		88376CE5177BB42700F9F477 /* libFlurry_4.2.2.a in Frameworks */ = {isa = PBXBuildFile; fileRef = 88376CE4177BB42700F9F477 /* libFlurry_4.2.2.a */; };
		88376CE7177BB4A700F9F477 /* SystemConfiguration.framework in Frameworks */ = {isa = PBXBuildFile; fileRef = 88376CE6177BB4A700F9F477 /* SystemConfiguration.framework */; };
		883F1F5E18BBF0880030A716 /* RMStore.m in Sources */ = {isa = PBXBuildFile; fileRef = 883F1F5D18BBF0880030A716 /* RMStore.m */; };
		88570E6918A340B400BF526F /* top_logo-pro@2x.png in Resources */ = {isa = PBXBuildFile; fileRef = 88570E6818A340B400BF526F /* top_logo-pro@2x.png */; };
		88570E6C18A340E700BF526F /* NSUserDefaultsHelper.m in Sources */ = {isa = PBXBuildFile; fileRef = 88570E6B18A340E700BF526F /* NSUserDefaultsHelper.m */; };
		8865DC5C177BC29700DA6634 /* AppiraterLocalizable.strings in Resources */ = {isa = PBXBuildFile; fileRef = 8865DC59177BC28900DA6634 /* AppiraterLocalizable.strings */; };
		887945B018ADB10100C6C88F /* commonButtonBackground@2x.png in Resources */ = {isa = PBXBuildFile; fileRef = 887945AF18ADB10100C6C88F /* commonButtonBackground@2x.png */; };
		88818C5A17993CB3007B386F /* purchase@2x.png in Resources */ = {isa = PBXBuildFile; fileRef = 88818C5817993CB3007B386F /* purchase@2x.png */; };
		88818C631799F58F007B386F /* PurchaseViewController.m in Sources */ = {isa = PBXBuildFile; fileRef = 88818C601799F58F007B386F /* PurchaseViewController.m */; };
		88818C641799F58F007B386F /* PurchaseViewController.xib in Resources */ = {isa = PBXBuildFile; fileRef = 88818C621799F58F007B386F /* PurchaseViewController.xib */; };
		889E53B318BAC2CC00721ADF /* loop.mp3 in Resources */ = {isa = PBXBuildFile; fileRef = 889E53B218BAC2CC00721ADF /* loop.mp3 */; };
		889FD23E177BC3F90046D281 /* Appirater.m in Sources */ = {isa = PBXBuildFile; fileRef = 889FD23C177BC3F90046D281 /* Appirater.m */; };
		889FD240177BC4960046D281 /* CFNetwork.framework in Frameworks */ = {isa = PBXBuildFile; fileRef = 889FD23F177BC4960046D281 /* CFNetwork.framework */; };
		88A2FEA118B6CD9D0046E07D /* IDPSoundBoard.m in Sources */ = {isa = PBXBuildFile; fileRef = 88A2FEA018B6CD9D0046E07D /* IDPSoundBoard.m */; };
		88A95E3F18A47FD200E56939 /* generalBanner@2x.png in Resources */ = {isa = PBXBuildFile; fileRef = 88A95E3E18A47FD200E56939 /* generalBanner@2x.png */; };
		88A95E4418A4803000E56939 /* mic.png in Resources */ = {isa = PBXBuildFile; fileRef = 88A95E4118A4803000E56939 /* mic.png */; };
		88A95E4518A4803000E56939 /* noads.png in Resources */ = {isa = PBXBuildFile; fileRef = 88A95E4218A4803000E56939 /* noads.png */; };
		88A95E4618A4803000E56939 /* recordScreenshot.png in Resources */ = {isa = PBXBuildFile; fileRef = 88A95E4318A4803000E56939 /* recordScreenshot.png */; };
		88B4735A189A182C005668AC /* FileHelper.m in Sources */ = {isa = PBXBuildFile; fileRef = 88B47359189A182C005668AC /* FileHelper.m */; };
		88BEFE1518A1DEB000399680 /* cancel@2x.png in Resources */ = {isa = PBXBuildFile; fileRef = 88BEFE1418A1DEB000399680 /* cancel@2x.png */; };
		88BEFE1718A1E42C00399680 /* soundOnButton@2x.png in Resources */ = {isa = PBXBuildFile; fileRef = 88BEFE1618A1E42B00399680 /* soundOnButton@2x.png */; };
		88BEFE4F18A1FCB100399680 /* 1.png in Resources */ = {isa = PBXBuildFile; fileRef = 88BEFE3E18A1FCB000399680 /* 1.png */; };
		88BEFE5018A1FCB100399680 /* 2.png in Resources */ = {isa = PBXBuildFile; fileRef = 88BEFE3F18A1FCB000399680 /* 2.png */; };
		88BEFE5118A1FCB100399680 /* 3.png in Resources */ = {isa = PBXBuildFile; fileRef = 88BEFE4018A1FCB000399680 /* 3.png */; };
		88BEFE5218A1FCB100399680 /* 4.png in Resources */ = {isa = PBXBuildFile; fileRef = 88BEFE4118A1FCB000399680 /* 4.png */; };
		88BEFE5318A1FCB100399680 /* 5.png in Resources */ = {isa = PBXBuildFile; fileRef = 88BEFE4218A1FCB100399680 /* 5.png */; };
		88BEFE5418A1FCB100399680 /* 6.png in Resources */ = {isa = PBXBuildFile; fileRef = 88BEFE4318A1FCB100399680 /* 6.png */; };
		88BEFE5518A1FCB100399680 /* 7.png in Resources */ = {isa = PBXBuildFile; fileRef = 88BEFE4418A1FCB100399680 /* 7.png */; };
		88BEFE5618A1FCB100399680 /* 8.png in Resources */ = {isa = PBXBuildFile; fileRef = 88BEFE4518A1FCB100399680 /* 8.png */; };
		88BEFE5718A1FCB100399680 /* 9.png in Resources */ = {isa = PBXBuildFile; fileRef = 88BEFE4618A1FCB100399680 /* 9.png */; };
		88BEFE5818A1FCB100399680 /* 10.png in Resources */ = {isa = PBXBuildFile; fileRef = 88BEFE4718A1FCB100399680 /* 10.png */; };
		88BEFE5918A1FCB100399680 /* 11.png in Resources */ = {isa = PBXBuildFile; fileRef = 88BEFE4818A1FCB100399680 /* 11.png */; };
		88BEFE5A18A1FCB100399680 /* 12.png in Resources */ = {isa = PBXBuildFile; fileRef = 88BEFE4918A1FCB100399680 /* 12.png */; };
		88BEFE5B18A1FCB100399680 /* 13.png in Resources */ = {isa = PBXBuildFile; fileRef = 88BEFE4A18A1FCB100399680 /* 13.png */; };
		88BEFE5C18A1FCB100399680 /* 14.png in Resources */ = {isa = PBXBuildFile; fileRef = 88BEFE4B18A1FCB100399680 /* 14.png */; };
		88BEFE5D18A1FCB100399680 /* 15.png in Resources */ = {isa = PBXBuildFile; fileRef = 88BEFE4C18A1FCB100399680 /* 15.png */; };
		88BEFE5E18A1FCB100399680 /* 16.png in Resources */ = {isa = PBXBuildFile; fileRef = 88BEFE4D18A1FCB100399680 /* 16.png */; };
		88BEFE5F18A1FCB100399680 /* 17.png in Resources */ = {isa = PBXBuildFile; fileRef = 88BEFE4E18A1FCB100399680 /* 17.png */; };
		88BEFE6218A1FCE800399680 /* SoundLevelView.m in Sources */ = {isa = PBXBuildFile; fileRef = 88BEFE6118A1FCE800399680 /* SoundLevelView.m */; };
		88BEFE6C18A20E9300399680 /* 18.png in Resources */ = {isa = PBXBuildFile; fileRef = 88BEFE6918A20E9300399680 /* 18.png */; };
		88BEFE6D18A20E9300399680 /* 19.png in Resources */ = {isa = PBXBuildFile; fileRef = 88BEFE6A18A20E9300399680 /* 19.png */; };
		88BEFE6E18A20E9300399680 /* 20.png in Resources */ = {isa = PBXBuildFile; fileRef = 88BEFE6B18A20E9300399680 /* 20.png */; };
		88DDF495189B1B3E00138ADF /* libGoogleAnalytics.a in Frameworks */ = {isa = PBXBuildFile; fileRef = 88DDF494189B1B3E00138ADF /* libGoogleAnalytics.a */; };
		88DDF49A189B2C7100138ADF /* StoreKit.framework in Frameworks */ = {isa = PBXBuildFile; fileRef = 88DDF498189B1B6E00138ADF /* StoreKit.framework */; };
		88E8422F18B1B69700B0FB50 /* libTestFlight.a in Frameworks */ = {isa = PBXBuildFile; fileRef = 88E8422918B1B69700B0FB50 /* libTestFlight.a */; };
		88E8423018B1B69800B0FB50 /* README.md in Resources */ = {isa = PBXBuildFile; fileRef = 88E8422A18B1B69700B0FB50 /* README.md */; };
		88E8423118B1B69800B0FB50 /* release_notes.md in Resources */ = {isa = PBXBuildFile; fileRef = 88E8422B18B1B69700B0FB50 /* release_notes.md */; };
		88FA090318C2A8960061FA0F /* soundOnButton0@2x.png in Resources */ = {isa = PBXBuildFile; fileRef = 88FA08FF18C2A8960061FA0F /* soundOnButton0@2x.png */; };
		88FA090418C2A8960061FA0F /* soundOnButton1@2x.png in Resources */ = {isa = PBXBuildFile; fileRef = 88FA090018C2A8960061FA0F /* soundOnButton1@2x.png */; };
		88FA090518C2A8960061FA0F /* soundOnButton2@2x.png in Resources */ = {isa = PBXBuildFile; fileRef = 88FA090118C2A8960061FA0F /* soundOnButton2@2x.png */; };
		88FA090618C2A8960061FA0F /* soundOnButton3@2x.png in Resources */ = {isa = PBXBuildFile; fileRef = 88FA090218C2A8960061FA0F /* soundOnButton3@2x.png */; };
		88FF307218AC606400B6E5BD /* CreateAlarmSoundViewController.m in Sources */ = {isa = PBXBuildFile; fileRef = 88FF307018AC606400B6E5BD /* CreateAlarmSoundViewController.m */; };
		88FF307318AC606400B6E5BD /* CreateAlarmSoundViewController.xib in Resources */ = {isa = PBXBuildFile; fileRef = 88FF307118AC606400B6E5BD /* CreateAlarmSoundViewController.xib */; };
		88FF307518AC6D1800B6E5BD /* closeButton@2x.png in Resources */ = {isa = PBXBuildFile; fileRef = 88FF307418AC6D1800B6E5BD /* closeButton@2x.png */; };
		9AB05EA8177AC92E0029CB48 /* top_logo.png in Resources */ = {isa = PBXBuildFile; fileRef = 9AB05EA6177AC92E0029CB48 /* top_logo.png */; };
		9AB05EA9177AC92E0029CB48 /* top_logo@2x.png in Resources */ = {isa = PBXBuildFile; fileRef = 9AB05EA7177AC92E0029CB48 /* top_logo@2x.png */; };
		9AB05EAF177AC9710029CB48 /* Default-568h@2x.png in Resources */ = {isa = PBXBuildFile; fileRef = 9AB05EAE177AC9710029CB48 /* Default-568h@2x.png */; };
		9AB05EB1177BDEE50029CB48 /* Icon@2x.png in Resources */ = {isa = PBXBuildFile; fileRef = 9AB05EB0177BDEE50029CB48 /* Icon@2x.png */; };
		9AB05EB3177BDEF10029CB48 /* Icon.png in Resources */ = {isa = PBXBuildFile; fileRef = 9AB05EB2177BDEF10029CB48 /* Icon.png */; };
/* End PBXBuildFile section */

/* Begin PBXFileReference section */
		110AC87C14FE1B6000F86262 /* AVFoundation.framework */ = {isa = PBXFileReference; lastKnownFileType = wrapper.framework; name = AVFoundation.framework; path = System/Library/Frameworks/AVFoundation.framework; sourceTree = SDKROOT; };
		110F12F514EDD52E00BE4481 /* NoiseMeter.app */ = {isa = PBXFileReference; explicitFileType = wrapper.application; includeInIndex = 0; path = NoiseMeter.app; sourceTree = BUILT_PRODUCTS_DIR; };
		110F12F914EDD52E00BE4481 /* UIKit.framework */ = {isa = PBXFileReference; lastKnownFileType = wrapper.framework; name = UIKit.framework; path = System/Library/Frameworks/UIKit.framework; sourceTree = SDKROOT; };
		110F12FB14EDD52E00BE4481 /* Foundation.framework */ = {isa = PBXFileReference; lastKnownFileType = wrapper.framework; name = Foundation.framework; path = System/Library/Frameworks/Foundation.framework; sourceTree = SDKROOT; };
		110F12FD14EDD52E00BE4481 /* CoreGraphics.framework */ = {isa = PBXFileReference; lastKnownFileType = wrapper.framework; name = CoreGraphics.framework; path = System/Library/Frameworks/CoreGraphics.framework; sourceTree = SDKROOT; };
		110F12FF14EDD52E00BE4481 /* CoreData.framework */ = {isa = PBXFileReference; lastKnownFileType = wrapper.framework; name = CoreData.framework; path = System/Library/Frameworks/CoreData.framework; sourceTree = SDKROOT; };
		110F130314EDD52E00BE4481 /* NoiseMeter-Info.plist */ = {isa = PBXFileReference; lastKnownFileType = text.plist.xml; path = "NoiseMeter-Info.plist"; sourceTree = "<group>"; };
		110F130514EDD52E00BE4481 /* en */ = {isa = PBXFileReference; lastKnownFileType = text.plist.strings; name = en; path = en.lproj/InfoPlist.strings; sourceTree = "<group>"; };
		110F130714EDD52E00BE4481 /* main.m */ = {isa = PBXFileReference; lastKnownFileType = sourcecode.c.objc; path = main.m; sourceTree = "<group>"; };
		110F130914EDD52E00BE4481 /* NoiseMeter-Prefix.pch */ = {isa = PBXFileReference; lastKnownFileType = sourcecode.c.h; path = "NoiseMeter-Prefix.pch"; sourceTree = "<group>"; };
		110F130A14EDD52E00BE4481 /* AppDelegate.h */ = {isa = PBXFileReference; lastKnownFileType = sourcecode.c.h; path = AppDelegate.h; sourceTree = "<group>"; };
		110F130B14EDD52E00BE4481 /* AppDelegate.m */ = {isa = PBXFileReference; lastKnownFileType = sourcecode.c.objc; path = AppDelegate.m; sourceTree = "<group>"; };
		110F130E14EDD52E00BE4481 /* NoiseMeter.xcdatamodel */ = {isa = PBXFileReference; lastKnownFileType = wrapper.xcdatamodel; path = NoiseMeter.xcdatamodel; sourceTree = "<group>"; };
		111A18CC1505E38D005655F1 /* background_count.png */ = {isa = PBXFileReference; lastKnownFileType = image.png; path = background_count.png; sourceTree = "<group>"; };
		111A18CD1505E38D005655F1 /* background_count@2x.png */ = {isa = PBXFileReference; lastKnownFileType = image.png; path = "background_count@2x.png"; sourceTree = "<group>"; };
		111A18D01505E3A9005655F1 /* ScoreView.h */ = {isa = PBXFileReference; fileEncoding = 4; lastKnownFileType = sourcecode.c.h; name = ScoreView.h; path = UI/Root/ScoreView.h; sourceTree = "<group>"; };
		111A18D11505E3A9005655F1 /* ScoreView.m */ = {isa = PBXFileReference; fileEncoding = 4; lastKnownFileType = sourcecode.c.objc; name = ScoreView.m; path = UI/Root/ScoreView.m; sourceTree = "<group>"; };
		111A18D31505E3B8005655F1 /* AlertView.h */ = {isa = PBXFileReference; fileEncoding = 4; lastKnownFileType = sourcecode.c.h; name = AlertView.h; path = UI/Root/AlertView.h; sourceTree = "<group>"; };
		111A18D41505E3B8005655F1 /* AlertView.m */ = {isa = PBXFileReference; fileEncoding = 4; lastKnownFileType = sourcecode.c.objc; name = AlertView.m; path = UI/Root/AlertView.m; sourceTree = "<group>"; };
		1140FDCB1517FA3400DE0A64 /* MoreView.h */ = {isa = PBXFileReference; fileEncoding = 4; lastKnownFileType = sourcecode.c.h; name = MoreView.h; path = UI/Root/MoreView.h; sourceTree = "<group>"; };
		1140FDCC1517FA3400DE0A64 /* MoreView.m */ = {isa = PBXFileReference; fileEncoding = 4; lastKnownFileType = sourcecode.c.objc; name = MoreView.m; path = UI/Root/MoreView.m; sourceTree = "<group>"; };
		1140FDCF1517FBE700DE0A64 /* icon_more.png */ = {isa = PBXFileReference; lastKnownFileType = image.png; path = icon_more.png; sourceTree = "<group>"; };
		1140FDD01517FBE700DE0A64 /* icon_more@2x.png */ = {isa = PBXFileReference; lastKnownFileType = image.png; path = "icon_more@2x.png"; sourceTree = "<group>"; };
		1140FDD31517FC6400DE0A64 /* MessageUI.framework */ = {isa = PBXFileReference; lastKnownFileType = wrapper.framework; name = MessageUI.framework; path = System/Library/Frameworks/MessageUI.framework; sourceTree = SDKROOT; };
		1140FDD91517FE0F00DE0A64 /* CoreTelephony.framework */ = {isa = PBXFileReference; lastKnownFileType = wrapper.framework; name = CoreTelephony.framework; path = System/Library/Frameworks/CoreTelephony.framework; sourceTree = SDKROOT; };
		1140FDDB1517FE5100DE0A64 /* AboutView.h */ = {isa = PBXFileReference; fileEncoding = 4; lastKnownFileType = sourcecode.c.h; name = AboutView.h; path = UI/Root/AboutView.h; sourceTree = "<group>"; };
		1140FDDC1517FE5100DE0A64 /* AboutView.m */ = {isa = PBXFileReference; fileEncoding = 4; lastKnownFileType = sourcecode.c.objc; name = AboutView.m; path = UI/Root/AboutView.m; sourceTree = "<group>"; };
		1140FDE21518016400DE0A64 /* libz.dylib */ = {isa = PBXFileReference; lastKnownFileType = "compiled.mach-o.dylib"; name = libz.dylib; path = usr/lib/libz.dylib; sourceTree = SDKROOT; };
		1168C315151966AB00897AA4 /* InstructionView.h */ = {isa = PBXFileReference; fileEncoding = 4; lastKnownFileType = sourcecode.c.h; name = InstructionView.h; path = UI/Root/InstructionView.h; sourceTree = "<group>"; };
		1168C316151966AB00897AA4 /* InstructionView.m */ = {isa = PBXFileReference; fileEncoding = 4; lastKnownFileType = sourcecode.c.objc; name = InstructionView.m; path = UI/Root/InstructionView.m; sourceTree = "<group>"; };
		117D94131516B5B1002C5479 /* top_logo_scores.png */ = {isa = PBXFileReference; lastKnownFileType = image.png; path = top_logo_scores.png; sourceTree = "<group>"; };
		117D94151516B5F7002C5479 /* top_logo_scores@2x.png */ = {isa = PBXFileReference; lastKnownFileType = image.png; path = "top_logo_scores@2x.png"; sourceTree = "<group>"; };
		117D94171516B66A002C5479 /* button_reset.png */ = {isa = PBXFileReference; lastKnownFileType = image.png; path = button_reset.png; sourceTree = "<group>"; };
		117D94181516B66A002C5479 /* button_reset@2x.png */ = {isa = PBXFileReference; lastKnownFileType = image.png; path = "button_reset@2x.png"; sourceTree = "<group>"; };
		117D941F1516B8A4002C5479 /* close_button.png */ = {isa = PBXFileReference; lastKnownFileType = image.png; path = close_button.png; sourceTree = "<group>"; };
		117D94201516B8A4002C5479 /* overlay02.png */ = {isa = PBXFileReference; lastKnownFileType = image.png; path = overlay02.png; sourceTree = "<group>"; };
		117D94231516B8DE002C5479 /* button_info.png */ = {isa = PBXFileReference; lastKnownFileType = image.png; path = button_info.png; sourceTree = "<group>"; };
		117D94241516B8DE002C5479 /* button_info@2x.png */ = {isa = PBXFileReference; lastKnownFileType = image.png; path = "button_info@2x.png"; sourceTree = "<group>"; };
		11A3EE71150F3D2D00A6496B /* SoundLevelCapture.h */ = {isa = PBXFileReference; fileEncoding = 4; lastKnownFileType = sourcecode.c.h; path = SoundLevelCapture.h; sourceTree = "<group>"; };
		11A3EE72150F3D2D00A6496B /* SoundLevelCapture.m */ = {isa = PBXFileReference; fileEncoding = 4; lastKnownFileType = sourcecode.c.objc; path = SoundLevelCapture.m; sourceTree = "<group>"; };
		11A3EE7C150F441F00A6496B /* SoundLevelCaptureCell.h */ = {isa = PBXFileReference; fileEncoding = 4; lastKnownFileType = sourcecode.c.h; name = SoundLevelCaptureCell.h; path = UI/SoundLevelCaptureCell.h; sourceTree = "<group>"; };
		11A3EE7D150F441F00A6496B /* SoundLevelCaptureCell.m */ = {isa = PBXFileReference; fileEncoding = 4; lastKnownFileType = sourcecode.c.objc; name = SoundLevelCaptureCell.m; path = UI/SoundLevelCaptureCell.m; sourceTree = "<group>"; };
		11A3EE7F150F456B00A6496B /* CaptureView.h */ = {isa = PBXFileReference; fileEncoding = 4; lastKnownFileType = sourcecode.c.h; name = CaptureView.h; path = UI/Root/CaptureView.h; sourceTree = "<group>"; };
		11A3EE80150F456B00A6496B /* CaptureView.m */ = {isa = PBXFileReference; fileEncoding = 4; lastKnownFileType = sourcecode.c.objc; name = CaptureView.m; path = UI/Root/CaptureView.m; sourceTree = "<group>"; };
		11AC52E31505CCFF0093C7AB /* NMDataManager.h */ = {isa = PBXFileReference; fileEncoding = 4; lastKnownFileType = sourcecode.c.h; name = NMDataManager.h; path = ../NMDataManager.h; sourceTree = "<group>"; };
		11AC52E41505CCFF0093C7AB /* NMDataManager.m */ = {isa = PBXFileReference; fileEncoding = 4; lastKnownFileType = sourcecode.c.objc; name = NMDataManager.m; path = ../NMDataManager.m; sourceTree = "<group>"; };
		11AC52EA1505CDA80093C7AB /* NMDecibelLogger.h */ = {isa = PBXFileReference; fileEncoding = 4; lastKnownFileType = sourcecode.c.h; name = NMDecibelLogger.h; path = ../NMDecibelLogger.h; sourceTree = "<group>"; };
		11AC52EB1505CDA80093C7AB /* NMDecibelLogger.m */ = {isa = PBXFileReference; fileEncoding = 4; lastKnownFileType = sourcecode.c.objc; name = NMDecibelLogger.m; path = ../NMDecibelLogger.m; sourceTree = "<group>"; };
		11AC52EE1505D3010093C7AB /* RootView.h */ = {isa = PBXFileReference; fileEncoding = 4; lastKnownFileType = sourcecode.c.h; name = RootView.h; path = UI/Root/RootView.h; sourceTree = "<group>"; };
		11AC52EF1505D3010093C7AB /* RootView.m */ = {isa = PBXFileReference; fileEncoding = 4; lastKnownFileType = sourcecode.c.objc; name = RootView.m; path = UI/Root/RootView.m; sourceTree = "<group>"; };
		11AC52F31505D34C0093C7AB /* UIViewController+Styling.h */ = {isa = PBXFileReference; fileEncoding = 4; lastKnownFileType = sourcecode.c.h; name = "UIViewController+Styling.h"; path = "Support/Categories/UIViewController+Styling.h"; sourceTree = "<group>"; };
		11AC52F41505D34C0093C7AB /* UIViewController+Styling.m */ = {isa = PBXFileReference; fileEncoding = 4; lastKnownFileType = sourcecode.c.objc; name = "UIViewController+Styling.m"; path = "Support/Categories/UIViewController+Styling.m"; sourceTree = "<group>"; };
		11AC52F71505D3850093C7AB /* Default.png */ = {isa = PBXFileReference; lastKnownFileType = image.png; path = Default.png; sourceTree = "<group>"; };
		11AC52F91505D3950093C7AB /* Default@2x.png */ = {isa = PBXFileReference; lastKnownFileType = image.png; path = "Default@2x.png"; sourceTree = "<group>"; };
		11AC53031505D3F20093C7AB /* icon_alert.png */ = {isa = PBXFileReference; lastKnownFileType = image.png; path = icon_alert.png; sourceTree = "<group>"; };
		11AC53041505D3F20093C7AB /* icon_alert@2x.png */ = {isa = PBXFileReference; lastKnownFileType = image.png; path = "icon_alert@2x.png"; sourceTree = "<group>"; };
		11AC53051505D3F20093C7AB /* icon_meter.png */ = {isa = PBXFileReference; lastKnownFileType = image.png; path = icon_meter.png; sourceTree = "<group>"; };
		11AC53061505D3F20093C7AB /* icon_meter@2x.png */ = {isa = PBXFileReference; lastKnownFileType = image.png; path = "icon_meter@2x.png"; sourceTree = "<group>"; };
		11AC53071505D3F20093C7AB /* icon_scores.png */ = {isa = PBXFileReference; lastKnownFileType = image.png; path = icon_scores.png; sourceTree = "<group>"; };
		11AC53081505D3F20093C7AB /* icon_scores@2x.png */ = {isa = PBXFileReference; lastKnownFileType = image.png; path = "icon_scores@2x.png"; sourceTree = "<group>"; };
		11AC530F1505D4140093C7AB /* button_capture.png */ = {isa = PBXFileReference; lastKnownFileType = image.png; path = button_capture.png; sourceTree = "<group>"; };
		11AC53101505D4140093C7AB /* button_capture@2x.png */ = {isa = PBXFileReference; lastKnownFileType = image.png; path = "button_capture@2x.png"; sourceTree = "<group>"; };
		11AC53131505D4190093C7AB /* button_save.png */ = {isa = PBXFileReference; lastKnownFileType = image.png; path = button_save.png; sourceTree = "<group>"; };
		11AC53141505D4190093C7AB /* button_save@2x.png */ = {isa = PBXFileReference; lastKnownFileType = image.png; path = "button_save@2x.png"; sourceTree = "<group>"; };
		11AC53151505D4190093C7AB /* button_setalarm.png */ = {isa = PBXFileReference; lastKnownFileType = image.png; path = button_setalarm.png; sourceTree = "<group>"; };
		11AC53161505D4190093C7AB /* button_setalarm@2x.png */ = {isa = PBXFileReference; lastKnownFileType = image.png; path = "button_setalarm@2x.png"; sourceTree = "<group>"; };
		11AC531B1505D4420093C7AB /* MeterView.h */ = {isa = PBXFileReference; fileEncoding = 4; lastKnownFileType = sourcecode.c.h; name = MeterView.h; path = UI/Root/MeterView.h; sourceTree = "<group>"; };
		11AC531C1505D4420093C7AB /* MeterView.m */ = {isa = PBXFileReference; fileEncoding = 4; lastKnownFileType = sourcecode.c.objc; name = MeterView.m; path = UI/Root/MeterView.m; sourceTree = "<group>"; };
		11F3E5C615194CAE00549099 /* button_back.png */ = {isa = PBXFileReference; lastKnownFileType = image.png; path = button_back.png; sourceTree = "<group>"; };
		11F3E5C715194CAE00549099 /* button_back@2x.png */ = {isa = PBXFileReference; lastKnownFileType = image.png; path = "button_back@2x.png"; sourceTree = "<group>"; };
		11F3E5C815194CAE00549099 /* button_close.png */ = {isa = PBXFileReference; lastKnownFileType = image.png; path = button_close.png; sourceTree = "<group>"; };
		11F3E5C915194CAE00549099 /* button_close@2x.png */ = {isa = PBXFileReference; lastKnownFileType = image.png; path = "button_close@2x.png"; sourceTree = "<group>"; };
		11F3E5CF1519501800549099 /* SelectAlertView.h */ = {isa = PBXFileReference; fileEncoding = 4; lastKnownFileType = sourcecode.c.h; name = SelectAlertView.h; path = UI/Root/SelectAlertView.h; sourceTree = "<group>"; };
		11F3E5D01519501800549099 /* SelectAlertView.m */ = {isa = PBXFileReference; fileEncoding = 4; lastKnownFileType = sourcecode.c.objc; name = SelectAlertView.m; path = UI/Root/SelectAlertView.m; sourceTree = "<group>"; };
		11F3E5D21519561400549099 /* InternalWebView.h */ = {isa = PBXFileReference; fileEncoding = 4; lastKnownFileType = sourcecode.c.h; name = InternalWebView.h; path = UI/Root/InternalWebView.h; sourceTree = "<group>"; };
		11F3E5D31519561400549099 /* InternalWebView.m */ = {isa = PBXFileReference; fileEncoding = 4; lastKnownFileType = sourcecode.c.objc; name = InternalWebView.m; path = UI/Root/InternalWebView.m; sourceTree = "<group>"; };
		11FBD43E15117C6000FF47C2 /* AudioToolbox.framework */ = {isa = PBXFileReference; lastKnownFileType = wrapper.framework; name = AudioToolbox.framework; path = System/Library/Frameworks/AudioToolbox.framework; sourceTree = SDKROOT; };
		8806B39A179658510085CBF0 /* remove_ad.png */ = {isa = PBXFileReference; lastKnownFileType = image.png; path = remove_ad.png; sourceTree = "<group>"; };
		880A002718AC83D800FB84F5 /* recordButton.png */ = {isa = PBXFileReference; lastKnownFileType = image.png; path = recordButton.png; sourceTree = "<group>"; };
		880A002918AC993B00FB84F5 /* createCustomAlarmButton.png */ = {isa = PBXFileReference; lastKnownFileType = image.png; path = createCustomAlarmButton.png; sourceTree = "<group>"; };
		880A003218AC9C5E00FB84F5 /* createCustomAlarmButton@2x.png */ = {isa = PBXFileReference; lastKnownFileType = image.png; path = "createCustomAlarmButton@2x.png"; sourceTree = "<group>"; };
		880A003418ACB91B00FB84F5 /* upgradeInstruction.html */ = {isa = PBXFileReference; fileEncoding = 4; lastKnownFileType = text.html; path = upgradeInstruction.html; sourceTree = "<group>"; };
		880A003818ACD22C00FB84F5 /* upgrade.css */ = {isa = PBXFileReference; fileEncoding = 4; lastKnownFileType = text.css; path = upgrade.css; sourceTree = "<group>"; };
		881032AC18A361FE000CA722 /* BaseViewController.h */ = {isa = PBXFileReference; fileEncoding = 4; lastKnownFileType = sourcecode.c.h; name = BaseViewController.h; path = UI/Root/BaseViewController.h; sourceTree = "<group>"; };
		881032AD18A361FE000CA722 /* BaseViewController.m */ = {isa = PBXFileReference; fileEncoding = 4; lastKnownFileType = sourcecode.c.objc; name = BaseViewController.m; path = UI/Root/BaseViewController.m; sourceTree = "<group>"; };
		88131CD818AB223F00D2541A /* overlay@2x.png */ = {isa = PBXFileReference; lastKnownFileType = image.png; path = "overlay@2x.png"; sourceTree = "<group>"; };
		88131CD918AB223F00D2541A /* overlay568.png */ = {isa = PBXFileReference; lastKnownFileType = image.png; path = overlay568.png; sourceTree = "<group>"; };
		883069AF18B4CC460067750A /* home_alarm.caf */ = {isa = PBXFileReference; lastKnownFileType = file; path = home_alarm.caf; sourceTree = "<group>"; };
		883069B018B4CC460067750A /* scifialarm.caf */ = {isa = PBXFileReference; lastKnownFileType = file; path = scifialarm.caf; sourceTree = "<group>"; };
		883069B118B4CC460067750A /* siren_wail.caf */ = {isa = PBXFileReference; lastKnownFileType = file; path = siren_wail.caf; sourceTree = "<group>"; };
		883391091793CEA70051DE50 /* demo.mp3 */ = {isa = PBXFileReference; lastKnownFileType = audio.mp3; path = demo.mp3; sourceTree = SOURCE_ROOT; };
		8833910B1793D0680051DE50 /* CoreMedia.framework */ = {isa = PBXFileReference; lastKnownFileType = wrapper.framework; name = CoreMedia.framework; path = System/Library/Frameworks/CoreMedia.framework; sourceTree = SDKROOT; };
		88376CE3177BB42700F9F477 /* Flurry.h */ = {isa = PBXFileReference; fileEncoding = 4; lastKnownFileType = sourcecode.c.h; name = Flurry.h; path = Flurry/Flurry.h; sourceTree = "<group>"; };
		88376CE4177BB42700F9F477 /* libFlurry_4.2.2.a */ = {isa = PBXFileReference; lastKnownFileType = archive.ar; name = libFlurry_4.2.2.a; path = Flurry/libFlurry_4.2.2.a; sourceTree = "<group>"; };
		88376CE6177BB4A700F9F477 /* SystemConfiguration.framework */ = {isa = PBXFileReference; lastKnownFileType = wrapper.framework; name = SystemConfiguration.framework; path = System/Library/Frameworks/SystemConfiguration.framework; sourceTree = SDKROOT; };
		883F1F5C18BBEDAC0030A716 /* RMStore.h */ = {isa = PBXFileReference; fileEncoding = 4; lastKnownFileType = sourcecode.c.h; path = RMStore.h; sourceTree = "<group>"; };
		883F1F5D18BBF0880030A716 /* RMStore.m */ = {isa = PBXFileReference; fileEncoding = 4; lastKnownFileType = sourcecode.c.objc; path = RMStore.m; sourceTree = "<group>"; };
		88570E6818A340B400BF526F /* top_logo-pro@2x.png */ = {isa = PBXFileReference; lastKnownFileType = image.png; path = "top_logo-pro@2x.png"; sourceTree = "<group>"; };
		88570E6A18A340E700BF526F /* NSUserDefaultsHelper.h */ = {isa = PBXFileReference; fileEncoding = 4; lastKnownFileType = sourcecode.c.h; path = NSUserDefaultsHelper.h; sourceTree = "<group>"; };
		88570E6B18A340E700BF526F /* NSUserDefaultsHelper.m */ = {isa = PBXFileReference; fileEncoding = 4; lastKnownFileType = sourcecode.c.objc; path = NSUserDefaultsHelper.m; sourceTree = "<group>"; };
		8865DC5A177BC28900DA6634 /* ca */ = {isa = PBXFileReference; lastKnownFileType = text.plist.strings; name = ca; path = ca.lproj/AppiraterLocalizable.strings; sourceTree = "<group>"; };
		8865DC5B177BC29700DA6634 /* cs */ = {isa = PBXFileReference; lastKnownFileType = text.plist.strings; name = cs; path = cs.lproj/AppiraterLocalizable.strings; sourceTree = "<group>"; };
		8865DC5D177BC2A200DA6634 /* da */ = {isa = PBXFileReference; lastKnownFileType = text.plist.strings; name = da; path = da.lproj/AppiraterLocalizable.strings; sourceTree = "<group>"; };
		887945AF18ADB10100C6C88F /* commonButtonBackground@2x.png */ = {isa = PBXFileReference; lastKnownFileType = image.png; path = "commonButtonBackground@2x.png"; sourceTree = "<group>"; };
		88818C5817993CB3007B386F /* purchase@2x.png */ = {isa = PBXFileReference; lastKnownFileType = image.png; path = "purchase@2x.png"; sourceTree = "<group>"; };
		88818C601799F58F007B386F /* PurchaseViewController.m */ = {isa = PBXFileReference; fileEncoding = 4; lastKnownFileType = sourcecode.c.objc; name = PurchaseViewController.m; path = UI/Root/PurchaseViewController.m; sourceTree = "<group>"; };
		88818C611799F58F007B386F /* PurchaseViewController.h */ = {isa = PBXFileReference; fileEncoding = 4; lastKnownFileType = sourcecode.c.h; name = PurchaseViewController.h; path = UI/Root/PurchaseViewController.h; sourceTree = "<group>"; };
		88818C621799F58F007B386F /* PurchaseViewController.xib */ = {isa = PBXFileReference; fileEncoding = 4; lastKnownFileType = file.xib; name = PurchaseViewController.xib; path = UI/Root/PurchaseViewController.xib; sourceTree = "<group>"; };
		889E53B218BAC2CC00721ADF /* loop.mp3 */ = {isa = PBXFileReference; lastKnownFileType = audio.mp3; path = loop.mp3; sourceTree = SOURCE_ROOT; };
		889FD223177BC3160046D281 /* de */ = {isa = PBXFileReference; lastKnownFileType = text.plist.strings; name = de; path = de.lproj/AppiraterLocalizable.strings; sourceTree = "<group>"; };
		889FD224177BC3270046D281 /* el */ = {isa = PBXFileReference; lastKnownFileType = text.plist.strings; name = el; path = el.lproj/AppiraterLocalizable.strings; sourceTree = "<group>"; };
		889FD225177BC3400046D281 /* en */ = {isa = PBXFileReference; lastKnownFileType = text.plist.strings; name = en; path = en.lproj/AppiraterLocalizable.strings; sourceTree = "<group>"; };
		889FD226177BC3470046D281 /* es */ = {isa = PBXFileReference; lastKnownFileType = text.plist.strings; name = es; path = es.lproj/AppiraterLocalizable.strings; sourceTree = "<group>"; };
		889FD227177BC3510046D281 /* fi */ = {isa = PBXFileReference; lastKnownFileType = text.plist.strings; name = fi; path = fi.lproj/AppiraterLocalizable.strings; sourceTree = "<group>"; };
		889FD228177BC35C0046D281 /* fr */ = {isa = PBXFileReference; lastKnownFileType = text.plist.strings; name = fr; path = fr.lproj/AppiraterLocalizable.strings; sourceTree = "<group>"; };
		889FD229177BC3620046D281 /* he */ = {isa = PBXFileReference; lastKnownFileType = text.plist.strings; name = he; path = he.lproj/AppiraterLocalizable.strings; sourceTree = "<group>"; };
		889FD22A177BC3670046D281 /* hu */ = {isa = PBXFileReference; lastKnownFileType = text.plist.strings; name = hu; path = hu.lproj/AppiraterLocalizable.strings; sourceTree = "<group>"; };
		889FD22B177BC36D0046D281 /* id */ = {isa = PBXFileReference; lastKnownFileType = text.plist.strings; name = id; path = id.lproj/AppiraterLocalizable.strings; sourceTree = "<group>"; };
		889FD22C177BC3740046D281 /* it */ = {isa = PBXFileReference; lastKnownFileType = text.plist.strings; name = it; path = it.lproj/AppiraterLocalizable.strings; sourceTree = "<group>"; };
		889FD22D177BC37A0046D281 /* ja */ = {isa = PBXFileReference; lastKnownFileType = text.plist.strings; name = ja; path = ja.lproj/AppiraterLocalizable.strings; sourceTree = "<group>"; };
		889FD22E177BC3800046D281 /* ko */ = {isa = PBXFileReference; lastKnownFileType = text.plist.strings; name = ko; path = ko.lproj/AppiraterLocalizable.strings; sourceTree = "<group>"; };
		889FD22F177BC3890046D281 /* nb */ = {isa = PBXFileReference; lastKnownFileType = text.plist.strings; name = nb; path = nb.lproj/AppiraterLocalizable.strings; sourceTree = "<group>"; };
		889FD230177BC38E0046D281 /* nl */ = {isa = PBXFileReference; lastKnownFileType = text.plist.strings; name = nl; path = nl.lproj/AppiraterLocalizable.strings; sourceTree = "<group>"; };
		889FD231177BC3930046D281 /* pl */ = {isa = PBXFileReference; lastKnownFileType = text.plist.strings; name = pl; path = pl.lproj/AppiraterLocalizable.strings; sourceTree = "<group>"; };
		889FD232177BC3970046D281 /* pt */ = {isa = PBXFileReference; lastKnownFileType = text.plist.strings; name = pt; path = pt.lproj/AppiraterLocalizable.strings; sourceTree = "<group>"; };
		889FD233177BC39E0046D281 /* ro */ = {isa = PBXFileReference; lastKnownFileType = text.plist.strings; name = ro; path = ro.lproj/AppiraterLocalizable.strings; sourceTree = "<group>"; };
		889FD234177BC3A30046D281 /* ru */ = {isa = PBXFileReference; lastKnownFileType = text.plist.strings; name = ru; path = ru.lproj/AppiraterLocalizable.strings; sourceTree = "<group>"; };
		889FD235177BC3A70046D281 /* sk */ = {isa = PBXFileReference; lastKnownFileType = text.plist.strings; name = sk; path = sk.lproj/AppiraterLocalizable.strings; sourceTree = "<group>"; };
		889FD236177BC3AD0046D281 /* sv */ = {isa = PBXFileReference; lastKnownFileType = text.plist.strings; name = sv; path = sv.lproj/AppiraterLocalizable.strings; sourceTree = "<group>"; };
		889FD237177BC3B20046D281 /* tr */ = {isa = PBXFileReference; lastKnownFileType = text.plist.strings; name = tr; path = tr.lproj/AppiraterLocalizable.strings; sourceTree = "<group>"; };
		889FD238177BC3B60046D281 /* zh-Hans */ = {isa = PBXFileReference; lastKnownFileType = text.plist.strings; name = "zh-Hans"; path = "zh-Hans.lproj/AppiraterLocalizable.strings"; sourceTree = "<group>"; };
		889FD239177BC3BB0046D281 /* zh-Hant */ = {isa = PBXFileReference; lastKnownFileType = text.plist.strings; name = "zh-Hant"; path = "zh-Hant.lproj/AppiraterLocalizable.strings"; sourceTree = "<group>"; };
		889FD23B177BC3F90046D281 /* Appirater.h */ = {isa = PBXFileReference; fileEncoding = 4; lastKnownFileType = sourcecode.c.h; name = Appirater.h; path = Appirater/Appirater.h; sourceTree = "<group>"; };
		889FD23C177BC3F90046D281 /* Appirater.m */ = {isa = PBXFileReference; fileEncoding = 4; lastKnownFileType = sourcecode.c.objc; name = Appirater.m; path = Appirater/Appirater.m; sourceTree = "<group>"; };
		889FD23D177BC3F90046D281 /* AppiraterDelegate.h */ = {isa = PBXFileReference; fileEncoding = 4; lastKnownFileType = sourcecode.c.h; name = AppiraterDelegate.h; path = Appirater/AppiraterDelegate.h; sourceTree = "<group>"; };
		889FD23F177BC4960046D281 /* CFNetwork.framework */ = {isa = PBXFileReference; lastKnownFileType = wrapper.framework; name = CFNetwork.framework; path = System/Library/Frameworks/CFNetwork.framework; sourceTree = SDKROOT; };
		88A2FE9F18B6CD9D0046E07D /* IDPSoundBoard.h */ = {isa = PBXFileReference; fileEncoding = 4; lastKnownFileType = sourcecode.c.h; path = IDPSoundBoard.h; sourceTree = "<group>"; };
		88A2FEA018B6CD9D0046E07D /* IDPSoundBoard.m */ = {isa = PBXFileReference; fileEncoding = 4; lastKnownFileType = sourcecode.c.objc; path = IDPSoundBoard.m; sourceTree = "<group>"; };
		88A95E3C18A47FC100E56939 /* cancel@2x.png */ = {isa = PBXFileReference; lastKnownFileType = image.png; path = "cancel@2x.png"; sourceTree = "<group>"; };
		88A95E3E18A47FD200E56939 /* generalBanner@2x.png */ = {isa = PBXFileReference; lastKnownFileType = image.png; path = "generalBanner@2x.png"; sourceTree = "<group>"; };
		88A95E4118A4803000E56939 /* mic.png */ = {isa = PBXFileReference; lastKnownFileType = image.png; path = mic.png; sourceTree = "<group>"; };
		88A95E4218A4803000E56939 /* noads.png */ = {isa = PBXFileReference; lastKnownFileType = image.png; path = noads.png; sourceTree = "<group>"; };
		88A95E4318A4803000E56939 /* recordScreenshot.png */ = {isa = PBXFileReference; lastKnownFileType = image.png; path = recordScreenshot.png; sourceTree = "<group>"; };
		88B47358189A182C005668AC /* FileHelper.h */ = {isa = PBXFileReference; fileEncoding = 4; lastKnownFileType = sourcecode.c.h; path = FileHelper.h; sourceTree = "<group>"; };
		88B47359189A182C005668AC /* FileHelper.m */ = {isa = PBXFileReference; fileEncoding = 4; lastKnownFileType = sourcecode.c.objc; path = FileHelper.m; sourceTree = "<group>"; };
		88BEFE1418A1DEB000399680 /* cancel@2x.png */ = {isa = PBXFileReference; lastKnownFileType = image.png; path = "cancel@2x.png"; sourceTree = "<group>"; };
		88BEFE1618A1E42B00399680 /* soundOnButton@2x.png */ = {isa = PBXFileReference; lastKnownFileType = image.png; path = "soundOnButton@2x.png"; sourceTree = "<group>"; };
		88BEFE3E18A1FCB000399680 /* 1.png */ = {isa = PBXFileReference; lastKnownFileType = image.png; name = 1.png; path = Meters/1.png; sourceTree = "<group>"; };
		88BEFE3F18A1FCB000399680 /* 2.png */ = {isa = PBXFileReference; lastKnownFileType = image.png; name = 2.png; path = Meters/2.png; sourceTree = "<group>"; };
		88BEFE4018A1FCB000399680 /* 3.png */ = {isa = PBXFileReference; lastKnownFileType = image.png; name = 3.png; path = Meters/3.png; sourceTree = "<group>"; };
		88BEFE4118A1FCB000399680 /* 4.png */ = {isa = PBXFileReference; lastKnownFileType = image.png; name = 4.png; path = Meters/4.png; sourceTree = "<group>"; };
		88BEFE4218A1FCB100399680 /* 5.png */ = {isa = PBXFileReference; lastKnownFileType = image.png; name = 5.png; path = Meters/5.png; sourceTree = "<group>"; };
		88BEFE4318A1FCB100399680 /* 6.png */ = {isa = PBXFileReference; lastKnownFileType = image.png; name = 6.png; path = Meters/6.png; sourceTree = "<group>"; };
		88BEFE4418A1FCB100399680 /* 7.png */ = {isa = PBXFileReference; lastKnownFileType = image.png; name = 7.png; path = Meters/7.png; sourceTree = "<group>"; };
		88BEFE4518A1FCB100399680 /* 8.png */ = {isa = PBXFileReference; lastKnownFileType = image.png; name = 8.png; path = Meters/8.png; sourceTree = "<group>"; };
		88BEFE4618A1FCB100399680 /* 9.png */ = {isa = PBXFileReference; lastKnownFileType = image.png; name = 9.png; path = Meters/9.png; sourceTree = "<group>"; };
		88BEFE4718A1FCB100399680 /* 10.png */ = {isa = PBXFileReference; lastKnownFileType = image.png; name = 10.png; path = Meters/10.png; sourceTree = "<group>"; };
		88BEFE4818A1FCB100399680 /* 11.png */ = {isa = PBXFileReference; lastKnownFileType = image.png; name = 11.png; path = Meters/11.png; sourceTree = "<group>"; };
		88BEFE4918A1FCB100399680 /* 12.png */ = {isa = PBXFileReference; lastKnownFileType = image.png; name = 12.png; path = Meters/12.png; sourceTree = "<group>"; };
		88BEFE4A18A1FCB100399680 /* 13.png */ = {isa = PBXFileReference; lastKnownFileType = image.png; name = 13.png; path = Meters/13.png; sourceTree = "<group>"; };
		88BEFE4B18A1FCB100399680 /* 14.png */ = {isa = PBXFileReference; lastKnownFileType = image.png; name = 14.png; path = Meters/14.png; sourceTree = "<group>"; };
		88BEFE4C18A1FCB100399680 /* 15.png */ = {isa = PBXFileReference; lastKnownFileType = image.png; name = 15.png; path = Meters/15.png; sourceTree = "<group>"; };
		88BEFE4D18A1FCB100399680 /* 16.png */ = {isa = PBXFileReference; lastKnownFileType = image.png; name = 16.png; path = Meters/16.png; sourceTree = "<group>"; };
		88BEFE4E18A1FCB100399680 /* 17.png */ = {isa = PBXFileReference; lastKnownFileType = image.png; name = 17.png; path = Meters/17.png; sourceTree = "<group>"; };
		88BEFE6018A1FCE800399680 /* SoundLevelView.h */ = {isa = PBXFileReference; fileEncoding = 4; lastKnownFileType = sourcecode.c.h; name = SoundLevelView.h; path = UI/SoundLevelView.h; sourceTree = "<group>"; };
		88BEFE6118A1FCE800399680 /* SoundLevelView.m */ = {isa = PBXFileReference; fileEncoding = 4; lastKnownFileType = sourcecode.c.objc; name = SoundLevelView.m; path = UI/SoundLevelView.m; sourceTree = "<group>"; };
		88BEFE6918A20E9300399680 /* 18.png */ = {isa = PBXFileReference; lastKnownFileType = image.png; name = 18.png; path = Meters/18.png; sourceTree = "<group>"; };
		88BEFE6A18A20E9300399680 /* 19.png */ = {isa = PBXFileReference; lastKnownFileType = image.png; name = 19.png; path = Meters/19.png; sourceTree = "<group>"; };
		88BEFE6B18A20E9300399680 /* 20.png */ = {isa = PBXFileReference; lastKnownFileType = image.png; name = 20.png; path = Meters/20.png; sourceTree = "<group>"; };
		88DDF48F189B1B3E00138ADF /* GAI.h */ = {isa = PBXFileReference; fileEncoding = 4; lastKnownFileType = sourcecode.c.h; name = GAI.h; path = GoogleAnalytics/GAI.h; sourceTree = "<group>"; };
		88DDF490189B1B3E00138ADF /* GAITrackedViewController.h */ = {isa = PBXFileReference; fileEncoding = 4; lastKnownFileType = sourcecode.c.h; name = GAITrackedViewController.h; path = GoogleAnalytics/GAITrackedViewController.h; sourceTree = "<group>"; };
		88DDF491189B1B3E00138ADF /* GAITracker.h */ = {isa = PBXFileReference; fileEncoding = 4; lastKnownFileType = sourcecode.c.h; name = GAITracker.h; path = GoogleAnalytics/GAITracker.h; sourceTree = "<group>"; };
		88DDF492189B1B3E00138ADF /* GAITransaction.h */ = {isa = PBXFileReference; fileEncoding = 4; lastKnownFileType = sourcecode.c.h; name = GAITransaction.h; path = GoogleAnalytics/GAITransaction.h; sourceTree = "<group>"; };
		88DDF493189B1B3E00138ADF /* GAITransactionItem.h */ = {isa = PBXFileReference; fileEncoding = 4; lastKnownFileType = sourcecode.c.h; name = GAITransactionItem.h; path = GoogleAnalytics/GAITransactionItem.h; sourceTree = "<group>"; };
		88DDF494189B1B3E00138ADF /* libGoogleAnalytics.a */ = {isa = PBXFileReference; lastKnownFileType = archive.ar; name = libGoogleAnalytics.a; path = GoogleAnalytics/libGoogleAnalytics.a; sourceTree = "<group>"; };
		88DDF498189B1B6E00138ADF /* StoreKit.framework */ = {isa = PBXFileReference; lastKnownFileType = wrapper.framework; name = StoreKit.framework; path = System/Library/Frameworks/StoreKit.framework; sourceTree = SDKROOT; };
		88E8422918B1B69700B0FB50 /* libTestFlight.a */ = {isa = PBXFileReference; lastKnownFileType = archive.ar; path = libTestFlight.a; sourceTree = "<group>"; };
		88E8422A18B1B69700B0FB50 /* README.md */ = {isa = PBXFileReference; fileEncoding = 4; lastKnownFileType = text; path = README.md; sourceTree = "<group>"; };
		88E8422B18B1B69700B0FB50 /* release_notes.md */ = {isa = PBXFileReference; fileEncoding = 4; lastKnownFileType = text; path = release_notes.md; sourceTree = "<group>"; };
		88E8422C18B1B69700B0FB50 /* TestFlight+AsyncLogging.h */ = {isa = PBXFileReference; fileEncoding = 4; lastKnownFileType = sourcecode.c.h; path = "TestFlight+AsyncLogging.h"; sourceTree = "<group>"; };
		88E8422D18B1B69700B0FB50 /* TestFlight+ManualSessions.h */ = {isa = PBXFileReference; fileEncoding = 4; lastKnownFileType = sourcecode.c.h; path = "TestFlight+ManualSessions.h"; sourceTree = "<group>"; };
		88E8422E18B1B69700B0FB50 /* TestFlight.h */ = {isa = PBXFileReference; fileEncoding = 4; lastKnownFileType = sourcecode.c.h; path = TestFlight.h; sourceTree = "<group>"; };
		88FA08FF18C2A8960061FA0F /* soundOnButton0@2x.png */ = {isa = PBXFileReference; lastKnownFileType = image.png; path = "soundOnButton0@2x.png"; sourceTree = "<group>"; };
		88FA090018C2A8960061FA0F /* soundOnButton1@2x.png */ = {isa = PBXFileReference; lastKnownFileType = image.png; path = "soundOnButton1@2x.png"; sourceTree = "<group>"; };
		88FA090118C2A8960061FA0F /* soundOnButton2@2x.png */ = {isa = PBXFileReference; lastKnownFileType = image.png; path = "soundOnButton2@2x.png"; sourceTree = "<group>"; };
		88FA090218C2A8960061FA0F /* soundOnButton3@2x.png */ = {isa = PBXFileReference; lastKnownFileType = image.png; path = "soundOnButton3@2x.png"; sourceTree = "<group>"; };
		88FF306F18AC606400B6E5BD /* CreateAlarmSoundViewController.h */ = {isa = PBXFileReference; fileEncoding = 4; lastKnownFileType = sourcecode.c.h; name = CreateAlarmSoundViewController.h; path = UI/Root/CreateAlarmSoundViewController.h; sourceTree = "<group>"; };
		88FF307018AC606400B6E5BD /* CreateAlarmSoundViewController.m */ = {isa = PBXFileReference; fileEncoding = 4; lastKnownFileType = sourcecode.c.objc; name = CreateAlarmSoundViewController.m; path = UI/Root/CreateAlarmSoundViewController.m; sourceTree = "<group>"; };
		88FF307118AC606400B6E5BD /* CreateAlarmSoundViewController.xib */ = {isa = PBXFileReference; fileEncoding = 4; lastKnownFileType = file.xib; name = CreateAlarmSoundViewController.xib; path = UI/Root/CreateAlarmSoundViewController.xib; sourceTree = "<group>"; };
		88FF307418AC6D1800B6E5BD /* closeButton@2x.png */ = {isa = PBXFileReference; lastKnownFileType = image.png; path = "closeButton@2x.png"; sourceTree = "<group>"; };
		9AB05EA6177AC92E0029CB48 /* top_logo.png */ = {isa = PBXFileReference; lastKnownFileType = image.png; path = top_logo.png; sourceTree = "<group>"; };
		9AB05EA7177AC92E0029CB48 /* top_logo@2x.png */ = {isa = PBXFileReference; lastKnownFileType = image.png; path = "top_logo@2x.png"; sourceTree = "<group>"; };
		9AB05EAE177AC9710029CB48 /* Default-568h@2x.png */ = {isa = PBXFileReference; lastKnownFileType = image.png; path = "Default-568h@2x.png"; sourceTree = "<group>"; };
		9AB05EB0177BDEE50029CB48 /* Icon@2x.png */ = {isa = PBXFileReference; lastKnownFileType = image.png; path = "Icon@2x.png"; sourceTree = "<group>"; };
		9AB05EB2177BDEF10029CB48 /* Icon.png */ = {isa = PBXFileReference; lastKnownFileType = image.png; path = Icon.png; sourceTree = "<group>"; };
/* End PBXFileReference section */

/* Begin PBXFrameworksBuildPhase section */
		110F12F214EDD52E00BE4481 /* Frameworks */ = {
			isa = PBXFrameworksBuildPhase;
			buildActionMask = 2147483647;
			files = (
				88DDF49A189B2C7100138ADF /* StoreKit.framework in Frameworks */,
				8833910C1793D0680051DE50 /* CoreMedia.framework in Frameworks */,
				889FD240177BC4960046D281 /* CFNetwork.framework in Frameworks */,
				88E8422F18B1B69700B0FB50 /* libTestFlight.a in Frameworks */,
				88376CE7177BB4A700F9F477 /* SystemConfiguration.framework in Frameworks */,
				1140FDE31518016400DE0A64 /* libz.dylib in Frameworks */,
				1140FDDA1517FE0F00DE0A64 /* CoreTelephony.framework in Frameworks */,
				1140FDD41517FC6400DE0A64 /* MessageUI.framework in Frameworks */,
				11FBD43F15117C6000FF47C2 /* AudioToolbox.framework in Frameworks */,
				110AC87D14FE1B6000F86262 /* AVFoundation.framework in Frameworks */,
				110F12FA14EDD52E00BE4481 /* UIKit.framework in Frameworks */,
				110F12FC14EDD52E00BE4481 /* Foundation.framework in Frameworks */,
				110F12FE14EDD52E00BE4481 /* CoreGraphics.framework in Frameworks */,
				110F130014EDD52E00BE4481 /* CoreData.framework in Frameworks */,
				88376CE5177BB42700F9F477 /* libFlurry_4.2.2.a in Frameworks */,
				88DDF495189B1B3E00138ADF /* libGoogleAnalytics.a in Frameworks */,
			);
			runOnlyForDeploymentPostprocessing = 0;
		};
/* End PBXFrameworksBuildPhase section */

/* Begin PBXGroup section */
		110F12EA14EDD52E00BE4481 = {
			isa = PBXGroup;
			children = (
				9AB05EB2177BDEF10029CB48 /* Icon.png */,
				9AB05EB0177BDEE50029CB48 /* Icon@2x.png */,
				9AB05EAE177AC9710029CB48 /* Default-568h@2x.png */,
				11AC52F91505D3950093C7AB /* Default@2x.png */,
				11AC52F71505D3850093C7AB /* Default.png */,
				110F130114EDD52E00BE4481 /* NoiseMeter */,
				110F12F814EDD52E00BE4481 /* Frameworks */,
				110F12F614EDD52E00BE4481 /* Products */,
			);
			sourceTree = "<group>";
		};
		110F12F614EDD52E00BE4481 /* Products */ = {
			isa = PBXGroup;
			children = (
				110F12F514EDD52E00BE4481 /* NoiseMeter.app */,
			);
			name = Products;
			sourceTree = "<group>";
		};
		110F12F814EDD52E00BE4481 /* Frameworks */ = {
			isa = PBXGroup;
			children = (
				88DDF498189B1B6E00138ADF /* StoreKit.framework */,
				8833910B1793D0680051DE50 /* CoreMedia.framework */,
				889FD23F177BC4960046D281 /* CFNetwork.framework */,
				88376CE6177BB4A700F9F477 /* SystemConfiguration.framework */,
				1140FDE21518016400DE0A64 /* libz.dylib */,
				1140FDD91517FE0F00DE0A64 /* CoreTelephony.framework */,
				1140FDD31517FC6400DE0A64 /* MessageUI.framework */,
				11FBD43E15117C6000FF47C2 /* AudioToolbox.framework */,
				110AC87C14FE1B6000F86262 /* AVFoundation.framework */,
				110F12F914EDD52E00BE4481 /* UIKit.framework */,
				110F12FB14EDD52E00BE4481 /* Foundation.framework */,
				110F12FD14EDD52E00BE4481 /* CoreGraphics.framework */,
				110F12FF14EDD52E00BE4481 /* CoreData.framework */,
			);
			name = Frameworks;
			sourceTree = "<group>";
		};
		110F130114EDD52E00BE4481 /* NoiseMeter */ = {
			isa = PBXGroup;
			children = (
				88DDF47C189B198800138ADF /* App */,
				8829A77518AD6B8B00DA41F9 /* Controller */,
				11A3EE6F150F3D2300A6496B /* Models */,
				8829A77718AD6BF700DA41F9 /* Libraries */,
				88B47357189A1819005668AC /* Helper */,
				88DDF47D189B19A300138ADF /* Vendor */,
				11AC52F61505D37B0093C7AB /* Resources */,
			);
			path = NoiseMeter;
			sourceTree = "<group>";
		};
		111A18CA1505E384005655F1 /* Backings */ = {
			isa = PBXGroup;
			children = (
				111A18CC1505E38D005655F1 /* background_count.png */,
				111A18CD1505E38D005655F1 /* background_count@2x.png */,
			);
			path = Backings;
			sourceTree = "<group>";
		};
		11A3EE6F150F3D2300A6496B /* Models */ = {
			isa = PBXGroup;
			children = (
				11AC52E31505CCFF0093C7AB /* NMDataManager.h */,
				11AC52E41505CCFF0093C7AB /* NMDataManager.m */,
				11AC52EA1505CDA80093C7AB /* NMDecibelLogger.h */,
				11AC52EB1505CDA80093C7AB /* NMDecibelLogger.m */,
				11A3EE71150F3D2D00A6496B /* SoundLevelCapture.h */,
				11A3EE72150F3D2D00A6496B /* SoundLevelCapture.m */,
				88A2FE9F18B6CD9D0046E07D /* IDPSoundBoard.h */,
				88A2FEA018B6CD9D0046E07D /* IDPSoundBoard.m */,
			);
			name = Models;
			path = Data/Models;
			sourceTree = "<group>";
		};
		11AC52F61505D37B0093C7AB /* Resources */ = {
			isa = PBXGroup;
			children = (
				880A003818ACD22C00FB84F5 /* upgrade.css */,
				880A003418ACB91B00FB84F5 /* upgradeInstruction.html */,
				11FBD43615117B7D00FF47C2 /* Sounds */,
				11AC52FB1505D3CF0093C7AB /* Images */,
			);
			path = Resources;
			sourceTree = "<group>";
		};
		11AC52FB1505D3CF0093C7AB /* Images */ = {
			isa = PBXGroup;
			children = (
				88131CD818AB223F00D2541A /* overlay@2x.png */,
				88131CD918AB223F00D2541A /* overlay568.png */,
				88A95E4018A4803000E56939 /* Purchases */,
				88BEFE3D18A1FC9400399680 /* Meters */,
				111A18CA1505E384005655F1 /* Backings */,
				11AC53011505D3E70093C7AB /* Buttons */,
				11AC53021505D3E70093C7AB /* Icons */,
				11AC52FC1505D3CF0093C7AB /* Top Banner */,
			);
			path = Images;
			sourceTree = "<group>";
		};
		11AC52FC1505D3CF0093C7AB /* Top Banner */ = {
			isa = PBXGroup;
			children = (
				88570E6818A340B400BF526F /* top_logo-pro@2x.png */,
				117D94151516B5F7002C5479 /* top_logo_scores@2x.png */,
				9AB05EA6177AC92E0029CB48 /* top_logo.png */,
				9AB05EA7177AC92E0029CB48 /* top_logo@2x.png */,
				117D94131516B5B1002C5479 /* top_logo_scores.png */,
			);
			path = "Top Banner";
			sourceTree = "<group>";
		};
		11AC53011505D3E70093C7AB /* Buttons */ = {
			isa = PBXGroup;
			children = (
				88FA08FF18C2A8960061FA0F /* soundOnButton0@2x.png */,
				88FA090018C2A8960061FA0F /* soundOnButton1@2x.png */,
				88FA090118C2A8960061FA0F /* soundOnButton2@2x.png */,
				88FA090218C2A8960061FA0F /* soundOnButton3@2x.png */,
				887945AF18ADB10100C6C88F /* commonButtonBackground@2x.png */,
				880A003218AC9C5E00FB84F5 /* createCustomAlarmButton@2x.png */,
				880A002918AC993B00FB84F5 /* createCustomAlarmButton.png */,
				88FF307418AC6D1800B6E5BD /* closeButton@2x.png */,
				88818C5817993CB3007B386F /* purchase@2x.png */,
				11F3E5C615194CAE00549099 /* button_back.png */,
				11F3E5C715194CAE00549099 /* button_back@2x.png */,
				11F3E5C815194CAE00549099 /* button_close.png */,
				11F3E5C915194CAE00549099 /* button_close@2x.png */,
				117D94231516B8DE002C5479 /* button_info.png */,
				117D94241516B8DE002C5479 /* button_info@2x.png */,
				117D941F1516B8A4002C5479 /* close_button.png */,
				117D94201516B8A4002C5479 /* overlay02.png */,
				117D94171516B66A002C5479 /* button_reset.png */,
				880A002718AC83D800FB84F5 /* recordButton.png */,
				117D94181516B66A002C5479 /* button_reset@2x.png */,
				11AC53131505D4190093C7AB /* button_save.png */,
				11AC53141505D4190093C7AB /* button_save@2x.png */,
				11AC53151505D4190093C7AB /* button_setalarm.png */,
				11AC53161505D4190093C7AB /* button_setalarm@2x.png */,
				8806B39A179658510085CBF0 /* remove_ad.png */,
				11AC530F1505D4140093C7AB /* button_capture.png */,
				11AC53101505D4140093C7AB /* button_capture@2x.png */,
			);
			path = Buttons;
			sourceTree = "<group>";
		};
		11AC53021505D3E70093C7AB /* Icons */ = {
			isa = PBXGroup;
			children = (
				88A95E3E18A47FD200E56939 /* generalBanner@2x.png */,
				88A95E3C18A47FC100E56939 /* cancel@2x.png */,
				88BEFE1618A1E42B00399680 /* soundOnButton@2x.png */,
				88BEFE1418A1DEB000399680 /* cancel@2x.png */,
				1140FDCF1517FBE700DE0A64 /* icon_more.png */,
				1140FDD01517FBE700DE0A64 /* icon_more@2x.png */,
				11AC53031505D3F20093C7AB /* icon_alert.png */,
				11AC53041505D3F20093C7AB /* icon_alert@2x.png */,
				11AC53051505D3F20093C7AB /* icon_meter.png */,
				11AC53061505D3F20093C7AB /* icon_meter@2x.png */,
				11AC53071505D3F20093C7AB /* icon_scores.png */,
				11AC53081505D3F20093C7AB /* icon_scores@2x.png */,
			);
			path = Icons;
			sourceTree = "<group>";
		};
		11FBD43615117B7D00FF47C2 /* Sounds */ = {
			isa = PBXGroup;
			children = (
				889E53B218BAC2CC00721ADF /* loop.mp3 */,
				883391091793CEA70051DE50 /* demo.mp3 */,
				883069AF18B4CC460067750A /* home_alarm.caf */,
				883069B018B4CC460067750A /* scifialarm.caf */,
				883069B118B4CC460067750A /* siren_wail.caf */,
			);
			path = Sounds;
			sourceTree = "<group>";
		};
		8829A77518AD6B8B00DA41F9 /* Controller */ = {
			isa = PBXGroup;
			children = (
				11AC52EE1505D3010093C7AB /* RootView.h */,
				11AC52EF1505D3010093C7AB /* RootView.m */,
				11AC531B1505D4420093C7AB /* MeterView.h */,
				11AC531C1505D4420093C7AB /* MeterView.m */,
				111A18D01505E3A9005655F1 /* ScoreView.h */,
				111A18D11505E3A9005655F1 /* ScoreView.m */,
				111A18D31505E3B8005655F1 /* AlertView.h */,
				111A18D41505E3B8005655F1 /* AlertView.m */,
				11A3EE7F150F456B00A6496B /* CaptureView.h */,
				11A3EE80150F456B00A6496B /* CaptureView.m */,
				1140FDCB1517FA3400DE0A64 /* MoreView.h */,
				1140FDCC1517FA3400DE0A64 /* MoreView.m */,
				1140FDDB1517FE5100DE0A64 /* AboutView.h */,
				1140FDDC1517FE5100DE0A64 /* AboutView.m */,
				11F3E5CF1519501800549099 /* SelectAlertView.h */,
				11F3E5D01519501800549099 /* SelectAlertView.m */,
				11F3E5D21519561400549099 /* InternalWebView.h */,
				11F3E5D31519561400549099 /* InternalWebView.m */,
				1168C315151966AB00897AA4 /* InstructionView.h */,
				1168C316151966AB00897AA4 /* InstructionView.m */,
				88FF306F18AC606400B6E5BD /* CreateAlarmSoundViewController.h */,
				88FF307018AC606400B6E5BD /* CreateAlarmSoundViewController.m */,
				88FF307118AC606400B6E5BD /* CreateAlarmSoundViewController.xib */,
				88818C611799F58F007B386F /* PurchaseViewController.h */,
				88818C601799F58F007B386F /* PurchaseViewController.m */,
				88818C621799F58F007B386F /* PurchaseViewController.xib */,
			);
			name = Controller;
			sourceTree = "<group>";
		};
		8829A77718AD6BF700DA41F9 /* Libraries */ = {
			isa = PBXGroup;
			children = (
				881032AC18A361FE000CA722 /* BaseViewController.h */,
				881032AD18A361FE000CA722 /* BaseViewController.m */,
				11AC52F31505D34C0093C7AB /* UIViewController+Styling.h */,
				11AC52F41505D34C0093C7AB /* UIViewController+Styling.m */,
				11A3EE7C150F441F00A6496B /* SoundLevelCaptureCell.h */,
				11A3EE7D150F441F00A6496B /* SoundLevelCaptureCell.m */,
				88BEFE6018A1FCE800399680 /* SoundLevelView.h */,
				88BEFE6118A1FCE800399680 /* SoundLevelView.m */,
			);
			name = Libraries;
			sourceTree = "<group>";
		};
		88376CE2177BB41900F9F477 /* Flurry */ = {
			isa = PBXGroup;
			children = (
				88376CE3177BB42700F9F477 /* Flurry.h */,
				88376CE4177BB42700F9F477 /* libFlurry_4.2.2.a */,
			);
			name = Flurry;
			path = Support;
			sourceTree = "<group>";
		};
		883788D917839670000BBF3D /* Google Analytics */ = {
			isa = PBXGroup;
			children = (
				88DDF48F189B1B3E00138ADF /* GAI.h */,
				88DDF490189B1B3E00138ADF /* GAITrackedViewController.h */,
				88DDF491189B1B3E00138ADF /* GAITracker.h */,
				88DDF492189B1B3E00138ADF /* GAITransaction.h */,
				88DDF493189B1B3E00138ADF /* GAITransactionItem.h */,
				88DDF494189B1B3E00138ADF /* libGoogleAnalytics.a */,
			);
			name = "Google Analytics";
			path = Support;
			sourceTree = "<group>";
		};
		883F1F5B18BBEDAC0030A716 /* RMStore */ = {
			isa = PBXGroup;
			children = (
				883F1F5D18BBF0880030A716 /* RMStore.m */,
				883F1F5C18BBEDAC0030A716 /* RMStore.h */,
			);
			name = RMStore;
			path = Support/RMStore;
			sourceTree = "<group>";
		};
		889FD23A177BC3C40046D281 /* appirater */ = {
			isa = PBXGroup;
			children = (
				889FD23B177BC3F90046D281 /* Appirater.h */,
				889FD23C177BC3F90046D281 /* Appirater.m */,
				889FD23D177BC3F90046D281 /* AppiraterDelegate.h */,
			);
			name = appirater;
			path = Support;
			sourceTree = "<group>";
		};
		88A95E4018A4803000E56939 /* Purchases */ = {
			isa = PBXGroup;
			children = (
				88A95E4118A4803000E56939 /* mic.png */,
				88A95E4218A4803000E56939 /* noads.png */,
				88A95E4318A4803000E56939 /* recordScreenshot.png */,
			);
			path = Purchases;
			sourceTree = "<group>";
		};
		88B47357189A1819005668AC /* Helper */ = {
			isa = PBXGroup;
			children = (
				88B47358189A182C005668AC /* FileHelper.h */,
				88B47359189A182C005668AC /* FileHelper.m */,
				88570E6A18A340E700BF526F /* NSUserDefaultsHelper.h */,
				88570E6B18A340E700BF526F /* NSUserDefaultsHelper.m */,
			);
			name = Helper;
			sourceTree = "<group>";
		};
		88BEFE3D18A1FC9400399680 /* Meters */ = {
			isa = PBXGroup;
			children = (
				88BEFE3E18A1FCB000399680 /* 1.png */,
				88BEFE3F18A1FCB000399680 /* 2.png */,
				88BEFE4018A1FCB000399680 /* 3.png */,
				88BEFE4118A1FCB000399680 /* 4.png */,
				88BEFE4218A1FCB100399680 /* 5.png */,
				88BEFE4318A1FCB100399680 /* 6.png */,
				88BEFE4418A1FCB100399680 /* 7.png */,
				88BEFE4518A1FCB100399680 /* 8.png */,
				88BEFE4618A1FCB100399680 /* 9.png */,
				88BEFE4718A1FCB100399680 /* 10.png */,
				88BEFE4818A1FCB100399680 /* 11.png */,
				88BEFE4918A1FCB100399680 /* 12.png */,
				88BEFE4A18A1FCB100399680 /* 13.png */,
				88BEFE4B18A1FCB100399680 /* 14.png */,
				88BEFE4C18A1FCB100399680 /* 15.png */,
				88BEFE4D18A1FCB100399680 /* 16.png */,
				88BEFE4E18A1FCB100399680 /* 17.png */,
				88BEFE6918A20E9300399680 /* 18.png */,
				88BEFE6A18A20E9300399680 /* 19.png */,
				88BEFE6B18A20E9300399680 /* 20.png */,
			);
			name = Meters;
			sourceTree = "<group>";
		};
		88DDF47C189B198800138ADF /* App */ = {
			isa = PBXGroup;
			children = (
				110F130A14EDD52E00BE4481 /* AppDelegate.h */,
				110F130B14EDD52E00BE4481 /* AppDelegate.m */,
				110F130D14EDD52E00BE4481 /* NoiseMeter.xcdatamodeld */,
				8865DC59177BC28900DA6634 /* AppiraterLocalizable.strings */,
				110F130314EDD52E00BE4481 /* NoiseMeter-Info.plist */,
				110F130414EDD52E00BE4481 /* InfoPlist.strings */,
				110F130714EDD52E00BE4481 /* main.m */,
				110F130914EDD52E00BE4481 /* NoiseMeter-Prefix.pch */,
			);
			name = App;
			sourceTree = "<group>";
		};
		88DDF47D189B19A300138ADF /* Vendor */ = {
			isa = PBXGroup;
			children = (
				883F1F5B18BBEDAC0030A716 /* RMStore */,
				88E8422818B1B69700B0FB50 /* TestFlightSDK2.2.1 */,
				883788D917839670000BBF3D /* Google Analytics */,
				889FD23A177BC3C40046D281 /* appirater */,
				88376CE2177BB41900F9F477 /* Flurry */,
			);
			name = Vendor;
			sourceTree = "<group>";
		};
		88E8422818B1B69700B0FB50 /* TestFlightSDK2.2.1 */ = {
			isa = PBXGroup;
			children = (
				88E8422918B1B69700B0FB50 /* libTestFlight.a */,
				88E8422A18B1B69700B0FB50 /* README.md */,
				88E8422B18B1B69700B0FB50 /* release_notes.md */,
				88E8422C18B1B69700B0FB50 /* TestFlight+AsyncLogging.h */,
				88E8422D18B1B69700B0FB50 /* TestFlight+ManualSessions.h */,
				88E8422E18B1B69700B0FB50 /* TestFlight.h */,
			);
			name = TestFlightSDK2.2.1;
			path = Support/TestFlightSDK2.2.1;
			sourceTree = "<group>";
		};
/* End PBXGroup section */

/* Begin PBXNativeTarget section */
		110F12F414EDD52E00BE4481 /* NoiseMeter */ = {
			isa = PBXNativeTarget;
			buildConfigurationList = 110F131214EDD52E00BE4481 /* Build configuration list for PBXNativeTarget "NoiseMeter" */;
			buildPhases = (
				110F12F114EDD52E00BE4481 /* Sources */,
				110F12F214EDD52E00BE4481 /* Frameworks */,
				110F12F314EDD52E00BE4481 /* Resources */,
			);
			buildRules = (
			);
			dependencies = (
			);
			name = NoiseMeter;
			productName = NoiseMeter;
			productReference = 110F12F514EDD52E00BE4481 /* NoiseMeter.app */;
			productType = "com.apple.product-type.application";
		};
/* End PBXNativeTarget section */

/* Begin PBXProject section */
		110F12EC14EDD52E00BE4481 /* Project object */ = {
			isa = PBXProject;
			attributes = {
				LastUpgradeCheck = 0430;
				ORGANIZATIONNAME = "Internetics Pty Ltd";
				TargetAttributes = {
					110F12F414EDD52E00BE4481 = {
						DevelopmentTeam = Y8HQA4YE8L;
						SystemCapabilities = {
							com.apple.BackgroundModes = {
								enabled = 1;
							};
						};
					};
				};
			};
			buildConfigurationList = 110F12EF14EDD52E00BE4481 /* Build configuration list for PBXProject "NoiseMeter" */;
			compatibilityVersion = "Xcode 3.2";
			developmentRegion = English;
			hasScannedForEncodings = 0;
			knownRegions = (
				en,
				ca,
				cs,
				da,
				de,
				el,
				es,
				fi,
				fr,
				he,
				hu,
				id,
				it,
				ja,
				ko,
				nb,
				nl,
				pl,
				pt,
				ro,
				ru,
				sk,
				sv,
				tr,
				"zh-Hans",
				"zh-Hant",
			);
			mainGroup = 110F12EA14EDD52E00BE4481;
			productRefGroup = 110F12F614EDD52E00BE4481 /* Products */;
			projectDirPath = "";
			projectRoot = "";
			targets = (
				110F12F414EDD52E00BE4481 /* NoiseMeter */,
			);
		};
/* End PBXProject section */

/* Begin PBXResourcesBuildPhase section */
		110F12F314EDD52E00BE4481 /* Resources */ = {
			isa = PBXResourcesBuildPhase;
			buildActionMask = 2147483647;
			files = (
				88BEFE6C18A20E9300399680 /* 18.png in Resources */,
				88BEFE5618A1FCB100399680 /* 8.png in Resources */,
				8833910A1793CEA70051DE50 /* demo.mp3 in Resources */,
				110F130614EDD52E00BE4481 /* InfoPlist.strings in Resources */,
				11AC52F81505D3850093C7AB /* Default.png in Resources */,
				11AC52FA1505D3950093C7AB /* Default@2x.png in Resources */,
				88BEFE5B18A1FCB100399680 /* 13.png in Resources */,
				88A95E4418A4803000E56939 /* mic.png in Resources */,
				88A95E4518A4803000E56939 /* noads.png in Resources */,
				11AC53091505D3F20093C7AB /* icon_alert.png in Resources */,
				88E8423118B1B69800B0FB50 /* release_notes.md in Resources */,
				11AC530A1505D3F20093C7AB /* icon_alert@2x.png in Resources */,
				11AC530B1505D3F20093C7AB /* icon_meter.png in Resources */,
				11AC530C1505D3F20093C7AB /* icon_meter@2x.png in Resources */,
				88BEFE5718A1FCB100399680 /* 9.png in Resources */,
				11AC530D1505D3F20093C7AB /* icon_scores.png in Resources */,
				88BEFE5918A1FCB100399680 /* 11.png in Resources */,
				88BEFE4F18A1FCB100399680 /* 1.png in Resources */,
				887945B018ADB10100C6C88F /* commonButtonBackground@2x.png in Resources */,
				11AC530E1505D3F20093C7AB /* icon_scores@2x.png in Resources */,
				88131CDB18AB224000D2541A /* overlay568.png in Resources */,
				889E53B318BAC2CC00721ADF /* loop.mp3 in Resources */,
				88BEFE1718A1E42C00399680 /* soundOnButton@2x.png in Resources */,
				11AC53111505D4140093C7AB /* button_capture.png in Resources */,
				11AC53121505D4140093C7AB /* button_capture@2x.png in Resources */,
				88BEFE6E18A20E9300399680 /* 20.png in Resources */,
				88A95E3F18A47FD200E56939 /* generalBanner@2x.png in Resources */,
				88FA090418C2A8960061FA0F /* soundOnButton1@2x.png in Resources */,
				11AC53171505D4190093C7AB /* button_save.png in Resources */,
				88BEFE5818A1FCB100399680 /* 10.png in Resources */,
				11AC53181505D4190093C7AB /* button_save@2x.png in Resources */,
				11AC53191505D4190093C7AB /* button_setalarm.png in Resources */,
				11AC531A1505D4190093C7AB /* button_setalarm@2x.png in Resources */,
				111A18CE1505E38D005655F1 /* background_count.png in Resources */,
				111A18CF1505E38D005655F1 /* background_count@2x.png in Resources */,
				88570E6918A340B400BF526F /* top_logo-pro@2x.png in Resources */,
				880A003318AC9C5E00FB84F5 /* createCustomAlarmButton@2x.png in Resources */,
				88BEFE5C18A1FCB100399680 /* 14.png in Resources */,
				88BEFE5218A1FCB100399680 /* 4.png in Resources */,
				883069B418B4CC460067750A /* siren_wail.caf in Resources */,
				88BEFE5A18A1FCB100399680 /* 12.png in Resources */,
				88131CDA18AB224000D2541A /* overlay@2x.png in Resources */,
				117D94141516B5B1002C5479 /* top_logo_scores.png in Resources */,
				117D94161516B5F7002C5479 /* top_logo_scores@2x.png in Resources */,
				880A003918ACD22C00FB84F5 /* upgrade.css in Resources */,
				88BEFE5F18A1FCB100399680 /* 17.png in Resources */,
				88A95E4618A4803000E56939 /* recordScreenshot.png in Resources */,
				117D94191516B66A002C5479 /* button_reset.png in Resources */,
				88BEFE5518A1FCB100399680 /* 7.png in Resources */,
				88BEFE1518A1DEB000399680 /* cancel@2x.png in Resources */,
				117D941A1516B66A002C5479 /* button_reset@2x.png in Resources */,
				117D94211516B8A4002C5479 /* close_button.png in Resources */,
				117D94221516B8A4002C5479 /* overlay02.png in Resources */,
				88BEFE5018A1FCB100399680 /* 2.png in Resources */,
				88818C5A17993CB3007B386F /* purchase@2x.png in Resources */,
				88818C641799F58F007B386F /* PurchaseViewController.xib in Resources */,
				88BEFE5418A1FCB100399680 /* 6.png in Resources */,
				117D94251516B8DE002C5479 /* button_info.png in Resources */,
				880A002818AC83D800FB84F5 /* recordButton.png in Resources */,
				117D94261516B8DE002C5479 /* button_info@2x.png in Resources */,
				880A003518ACB91B00FB84F5 /* upgradeInstruction.html in Resources */,
				1140FDD11517FBE700DE0A64 /* icon_more.png in Resources */,
				88FF307518AC6D1800B6E5BD /* closeButton@2x.png in Resources */,
				883069B218B4CC460067750A /* home_alarm.caf in Resources */,
				88BEFE5318A1FCB100399680 /* 5.png in Resources */,
				1140FDD21517FBE700DE0A64 /* icon_more@2x.png in Resources */,
				88FA090318C2A8960061FA0F /* soundOnButton0@2x.png in Resources */,
				880A002A18AC993B00FB84F5 /* createCustomAlarmButton.png in Resources */,
				88BEFE5D18A1FCB100399680 /* 15.png in Resources */,
				11F3E5CA15194CAE00549099 /* button_back.png in Resources */,
				88BEFE6D18A20E9300399680 /* 19.png in Resources */,
				11F3E5CB15194CAE00549099 /* button_back@2x.png in Resources */,
				11F3E5CC15194CAE00549099 /* button_close.png in Resources */,
				88BEFE5E18A1FCB100399680 /* 16.png in Resources */,
				11F3E5CD15194CAE00549099 /* button_close@2x.png in Resources */,
				9AB05EA8177AC92E0029CB48 /* top_logo.png in Resources */,
				9AB05EA9177AC92E0029CB48 /* top_logo@2x.png in Resources */,
				88FA090618C2A8960061FA0F /* soundOnButton3@2x.png in Resources */,
				9AB05EAF177AC9710029CB48 /* Default-568h@2x.png in Resources */,
				88FF307318AC606400B6E5BD /* CreateAlarmSoundViewController.xib in Resources */,
				88BEFE5118A1FCB100399680 /* 3.png in Resources */,
				883069B318B4CC460067750A /* scifialarm.caf in Resources */,
				8865DC5C177BC29700DA6634 /* AppiraterLocalizable.strings in Resources */,
				9AB05EB1177BDEE50029CB48 /* Icon@2x.png in Resources */,
				9AB05EB3177BDEF10029CB48 /* Icon.png in Resources */,
				88E8423018B1B69800B0FB50 /* README.md in Resources */,
				88FA090518C2A8960061FA0F /* soundOnButton2@2x.png in Resources */,
				8806B39B179658510085CBF0 /* remove_ad.png in Resources */,
			);
			runOnlyForDeploymentPostprocessing = 0;
		};
/* End PBXResourcesBuildPhase section */

/* Begin PBXSourcesBuildPhase section */
		110F12F114EDD52E00BE4481 /* Sources */ = {
			isa = PBXSourcesBuildPhase;
			buildActionMask = 2147483647;
			files = (
				88570E6C18A340E700BF526F /* NSUserDefaultsHelper.m in Sources */,
				110F130814EDD52E00BE4481 /* main.m in Sources */,
				110F130C14EDD52E00BE4481 /* AppDelegate.m in Sources */,
				110F130F14EDD52E00BE4481 /* NoiseMeter.xcdatamodeld in Sources */,
				88FF307218AC606400B6E5BD /* CreateAlarmSoundViewController.m in Sources */,
				11AC52E51505CCFF0093C7AB /* NMDataManager.m in Sources */,
				11AC52EC1505CDA80093C7AB /* NMDecibelLogger.m in Sources */,
				88B4735A189A182C005668AC /* FileHelper.m in Sources */,
				88A2FEA118B6CD9D0046E07D /* IDPSoundBoard.m in Sources */,
				11AC52F01505D3010093C7AB /* RootView.m in Sources */,
				11AC52F51505D34C0093C7AB /* UIViewController+Styling.m in Sources */,
				881032AE18A361FE000CA722 /* BaseViewController.m in Sources */,
				11AC531D1505D4420093C7AB /* MeterView.m in Sources */,
				111A18D21505E3A9005655F1 /* ScoreView.m in Sources */,
				111A18D51505E3B8005655F1 /* AlertView.m in Sources */,
				11A3EE73150F3D2D00A6496B /* SoundLevelCapture.m in Sources */,
				11A3EE7E150F441F00A6496B /* SoundLevelCaptureCell.m in Sources */,
				883F1F5E18BBF0880030A716 /* RMStore.m in Sources */,
				11A3EE81150F456B00A6496B /* CaptureView.m in Sources */,
				88BEFE6218A1FCE800399680 /* SoundLevelView.m in Sources */,
				1140FDCD1517FA3400DE0A64 /* MoreView.m in Sources */,
				1140FDDD1517FE5100DE0A64 /* AboutView.m in Sources */,
				11F3E5D11519501800549099 /* SelectAlertView.m in Sources */,
				11F3E5D41519561400549099 /* InternalWebView.m in Sources */,
				88818C631799F58F007B386F /* PurchaseViewController.m in Sources */,
				1168C317151966AC00897AA4 /* InstructionView.m in Sources */,
				889FD23E177BC3F90046D281 /* Appirater.m in Sources */,
			);
			runOnlyForDeploymentPostprocessing = 0;
		};
/* End PBXSourcesBuildPhase section */

/* Begin PBXVariantGroup section */
		110F130414EDD52E00BE4481 /* InfoPlist.strings */ = {
			isa = PBXVariantGroup;
			children = (
				110F130514EDD52E00BE4481 /* en */,
			);
			name = InfoPlist.strings;
			sourceTree = "<group>";
		};
		8865DC59177BC28900DA6634 /* AppiraterLocalizable.strings */ = {
			isa = PBXVariantGroup;
			children = (
				8865DC5A177BC28900DA6634 /* ca */,
				8865DC5B177BC29700DA6634 /* cs */,
				8865DC5D177BC2A200DA6634 /* da */,
				889FD223177BC3160046D281 /* de */,
				889FD224177BC3270046D281 /* el */,
				889FD225177BC3400046D281 /* en */,
				889FD226177BC3470046D281 /* es */,
				889FD227177BC3510046D281 /* fi */,
				889FD228177BC35C0046D281 /* fr */,
				889FD229177BC3620046D281 /* he */,
				889FD22A177BC3670046D281 /* hu */,
				889FD22B177BC36D0046D281 /* id */,
				889FD22C177BC3740046D281 /* it */,
				889FD22D177BC37A0046D281 /* ja */,
				889FD22E177BC3800046D281 /* ko */,
				889FD22F177BC3890046D281 /* nb */,
				889FD230177BC38E0046D281 /* nl */,
				889FD231177BC3930046D281 /* pl */,
				889FD232177BC3970046D281 /* pt */,
				889FD233177BC39E0046D281 /* ro */,
				889FD234177BC3A30046D281 /* ru */,
				889FD235177BC3A70046D281 /* sk */,
				889FD236177BC3AD0046D281 /* sv */,
				889FD237177BC3B20046D281 /* tr */,
				889FD238177BC3B60046D281 /* zh-Hans */,
				889FD239177BC3BB0046D281 /* zh-Hant */,
			);
			name = AppiraterLocalizable.strings;
			sourceTree = "<group>";
		};
/* End PBXVariantGroup section */

/* Begin XCBuildConfiguration section */
		110F131014EDD52E00BE4481 /* Debug */ = {
			isa = XCBuildConfiguration;
			buildSettings = {
				ALWAYS_SEARCH_USER_PATHS = NO;
				ARCHS = "$(ARCHS_STANDARD_32_BIT)";
				CLANG_ENABLE_OBJC_ARC = YES;
				CODE_SIGN_IDENTITY = "iPhone Developer: Clive France (FUUTJUMU86)";
				"CODE_SIGN_IDENTITY[sdk=iphoneos*]" = "iPhone Distribution: Internetics Ltd";
				COPY_PHASE_STRIP = NO;
				GCC_C_LANGUAGE_STANDARD = gnu99;
				GCC_DYNAMIC_NO_PIC = NO;
				GCC_OPTIMIZATION_LEVEL = 0;
				GCC_PREPROCESSOR_DEFINITIONS = (
					"DEBUG=1",
					"$(inherited)",
				);
				GCC_SYMBOLS_PRIVATE_EXTERN = NO;
				GCC_VERSION = com.apple.compilers.llvm.clang.1_0;
				GCC_WARN_ABOUT_RETURN_TYPE = YES;
				GCC_WARN_UNINITIALIZED_AUTOS = YES;
				GCC_WARN_UNUSED_VARIABLE = YES;
				IPHONEOS_DEPLOYMENT_TARGET = 5.1;
				PROVISIONING_PROFILE = "8FA362D3-73D4-44BC-BDAA-0EE8A85A38F9";
				"PROVISIONING_PROFILE[sdk=iphoneos*]" = "D9CC2D0F-E0E7-4D9F-98DD-41E713E38F4A";
				SDKROOT = iphoneos;
			};
			name = Debug;
		};
		110F131114EDD52E00BE4481 /* Release */ = {
			isa = XCBuildConfiguration;
			buildSettings = {
				ALWAYS_SEARCH_USER_PATHS = NO;
				ARCHS = "$(ARCHS_STANDARD_32_BIT)";
				CLANG_ENABLE_OBJC_ARC = YES;
				CODE_SIGN_IDENTITY = "iPhone Developer: Clive France (FUUTJUMU86)";
				"CODE_SIGN_IDENTITY[sdk=iphoneos*]" = "iPhone Distribution: Internetics Ltd";
				COPY_PHASE_STRIP = YES;
				GCC_C_LANGUAGE_STANDARD = gnu99;
				GCC_VERSION = com.apple.compilers.llvm.clang.1_0;
				GCC_WARN_ABOUT_RETURN_TYPE = YES;
				GCC_WARN_UNINITIALIZED_AUTOS = YES;
				GCC_WARN_UNUSED_VARIABLE = YES;
				IPHONEOS_DEPLOYMENT_TARGET = 5.1;
				OTHER_CFLAGS = "-DNS_BLOCK_ASSERTIONS=1";
				PROVISIONING_PROFILE = "8FA362D3-73D4-44BC-BDAA-0EE8A85A38F9";
				"PROVISIONING_PROFILE[sdk=iphoneos*]" = "D9CC2D0F-E0E7-4D9F-98DD-41E713E38F4A";
				SDKROOT = iphoneos;
				VALIDATE_PRODUCT = YES;
			};
			name = Release;
		};
		110F131314EDD52E00BE4481 /* Debug */ = {
			isa = XCBuildConfiguration;
			buildSettings = {
				ARCHS = "$(ARCHS_STANDARD)";
				CODE_SIGN_IDENTITY = "iPhone Developer";
				"CODE_SIGN_IDENTITY[sdk=iphoneos*]" = "iPhone Developer: kuang yuang (HDK2922LNQ)";
				GCC_PRECOMPILE_PREFIX_HEADER = YES;
				GCC_PREFIX_HEADER = "NoiseMeter/NoiseMeter-Prefix.pch";
				INFOPLIST_FILE = "NoiseMeter/NoiseMeter-Info.plist";
				IPHONEOS_DEPLOYMENT_TARGET = 5.0;
				LIBRARY_SEARCH_PATHS = (
					"$(inherited)",
					"$(SRCROOT)/NoiseMeter/Support/Flurry",
					"$(SRCROOT)/NoiseMeter/Support/GoogleAnalytics",
					"$(SRCROOT)/NoiseMeter/Support/TestFlightSDK2.2.1",
				);
				OTHER_LDFLAGS = "-ObjC";
				PRODUCT_NAME = "$(TARGET_NAME)";
				PROVISIONING_PROFILE = "2207D699-5F4D-4ED9-9B6F-0BA6471A9DE5";
				"PROVISIONING_PROFILE[sdk=iphoneos*]" = "2207D699-5F4D-4ED9-9B6F-0BA6471A9DE5";
				WRAPPER_EXTENSION = app;
			};
			name = Debug;
		};
		110F131414EDD52E00BE4481 /* Release */ = {
			isa = XCBuildConfiguration;
			buildSettings = {
				ARCHS = "$(ARCHS_STANDARD)";
				CODE_SIGN_IDENTITY = "iPhone Developer";
				"CODE_SIGN_IDENTITY[sdk=iphoneos*]" = "iPhone Developer: kuang yuang (HDK2922LNQ)";
				GCC_PRECOMPILE_PREFIX_HEADER = YES;
				GCC_PREFIX_HEADER = "NoiseMeter/NoiseMeter-Prefix.pch";
				INFOPLIST_FILE = "NoiseMeter/NoiseMeter-Info.plist";
				IPHONEOS_DEPLOYMENT_TARGET = 5.0;
				LIBRARY_SEARCH_PATHS = (
					"$(inherited)",
					"$(SRCROOT)/NoiseMeter/Support/Flurry",
					"$(SRCROOT)/NoiseMeter/Support/GoogleAnalytics",
					"$(SRCROOT)/NoiseMeter/Support/TestFlightSDK2.2.1",
				);
				OTHER_LDFLAGS = "-ObjC";
				PRODUCT_NAME = "$(TARGET_NAME)";
				PROVISIONING_PROFILE = "2207D699-5F4D-4ED9-9B6F-0BA6471A9DE5";
				"PROVISIONING_PROFILE[sdk=iphoneos*]" = "2207D699-5F4D-4ED9-9B6F-0BA6471A9DE5";
				WRAPPER_EXTENSION = app;
			};
			name = Release;
		};
/* End XCBuildConfiguration section */

/* Begin XCConfigurationList section */
		110F12EF14EDD52E00BE4481 /* Build configuration list for PBXProject "NoiseMeter" */ = {
			isa = XCConfigurationList;
			buildConfigurations = (
				110F131014EDD52E00BE4481 /* Debug */,
				110F131114EDD52E00BE4481 /* Release */,
			);
			defaultConfigurationIsVisible = 0;
			defaultConfigurationName = Release;
		};
		110F131214EDD52E00BE4481 /* Build configuration list for PBXNativeTarget "NoiseMeter" */ = {
			isa = XCConfigurationList;
			buildConfigurations = (
				110F131314EDD52E00BE4481 /* Debug */,
				110F131414EDD52E00BE4481 /* Release */,
			);
			defaultConfigurationIsVisible = 0;
			defaultConfigurationName = Release;
		};
/* End XCConfigurationList section */

/* Begin XCVersionGroup section */
		110F130D14EDD52E00BE4481 /* NoiseMeter.xcdatamodeld */ = {
			isa = XCVersionGroup;
			children = (
				110F130E14EDD52E00BE4481 /* NoiseMeter.xcdatamodel */,
			);
			currentVersion = 110F130E14EDD52E00BE4481 /* NoiseMeter.xcdatamodel */;
			path = NoiseMeter.xcdatamodeld;
			sourceTree = "<group>";
			versionGroupType = wrapper.xcdatamodel;
		};
/* End XCVersionGroup section */
	};
	rootObject = 110F12EC14EDD52E00BE4481 /* Project object */;
}
